
Microsoft Visual Studio Solution File, Format Version 12.00
# Visual Studio Version 17
VisualStudioVersion = 17.2.32630.192
MinimumVisualStudioVersion = 10.0.40219.1
Project("{9A19103F-16F7-4668-BE54-9A1E7A4F7556}") = "R5T.F0020", "R5T.F0020\R5T.F0020.csproj", "{8534623F-7B15-4A91-94D1-72B6D60E42FD}"
EndProject
Project("{2150E333-8FDC-42A3-9474-1A3956D46DE8}") = "_Dependencies", "_Dependencies", "{7F8588AB-CE76-477B-824B-D019120D3EB9}"
EndProject
Project("{9A19103F-16F7-4668-BE54-9A1E7A4F7556}") = "R5T.T0132", "..\..\R5T.T0132\source\R5T.T0132\R5T.T0132.csproj", "{03DB7146-9E5D-497D-B7D1-49CB87ABB5F7}"
EndProject
Project("{9A19103F-16F7-4668-BE54-9A1E7A4F7556}") = "R5T.T0141", "..\..\R5T.T0141\source\R5T.T0141\R5T.T0141.csproj", "{FD1CA831-F57D-4BC8-8032-BC9C6AF8FE6A}"
EndProject
Project("{9A19103F-16F7-4668-BE54-9A1E7A4F7556}") = "R5T.F0002", "..\..\R5T.F0002\source\R5T.F0002\R5T.F0002.csproj", "{6FD5DA30-FB82-40B9-BDE5-CA30E3033284}"
EndProject
Project("{FAE04EC0-301F-11D3-BF4B-00C04F79EFBC}") = "R5T.F0020.V000", "R5T.F0020.V000\R5T.F0020.V000.csproj", "{7F49CAAC-810F-47CB-B079-80E9DCFB126D}"
EndProject
Project("{9A19103F-16F7-4668-BE54-9A1E7A4F7556}") = "R5T.Z0008", "..\..\R5T.Z0008\source\R5T.Z0008\R5T.Z0008.csproj", "{D267A10E-A26E-438D-8247-3D26FE7014DF}"
EndProject
Project("{9A19103F-16F7-4668-BE54-9A1E7A4F7556}") = "R5T.L0020", "..\..\R5T.L0020\source\R5T.L0020\R5T.L0020.csproj", "{4CAE3E6A-096E-4C8E-8E6A-58FAE710E36E}"
EndProject
Project("{9A19103F-16F7-4668-BE54-9A1E7A4F7556}") = "R5T.F0000", "..\..\R5T.F0000\source\R5T.F0000\R5T.F0000.csproj", "{BD4DDE4C-CB20-4274-9282-EFCCCA50A38B}"
EndProject
Project("{9A19103F-16F7-4668-BE54-9A1E7A4F7556}") = "R5T.Z0000", "..\..\R5T.Z0000\source\R5T.Z0000\R5T.Z0000.csproj", "{8ED60153-0A47-40B4-B477-32B7E99F8CBF}"
EndProject
Project("{9A19103F-16F7-4668-BE54-9A1E7A4F7556}") = "R5T.T0131", "..\..\R5T.T0131\source\R5T.T0131\R5T.T0131.csproj", "{85596B62-4BAE-4F8C-884B-2CAEBBFBDA26}"
EndProject
Project("{9A19103F-16F7-4668-BE54-9A1E7A4F7556}") = "R5T.Y0000", "..\..\R5T.Y0000\source\R5T.Y0000\R5T.Y0000.csproj", "{46E1D9BF-FEA7-4CFC-B4AF-A048F181229D}"
EndProject
Project("{9A19103F-16F7-4668-BE54-9A1E7A4F7556}") = "R5T.Magyar", "..\..\R5T.Magyar\source\R5T.Magyar\R5T.Magyar.csproj", "{FC43657B-2C65-4B9C-B36A-F186B10B5840}"
EndProject
Project("{9A19103F-16F7-4668-BE54-9A1E7A4F7556}") = "R5T.T0119.X001", "..\..\R5T.T0119\source\R5T.T0119.X001\R5T.T0119.X001.csproj", "{51A7C44F-0773-4D89-B75E-E78169FDE6BB}"
EndProject
Project("{9A19103F-16F7-4668-BE54-9A1E7A4F7556}") = "R5T.T0119", "..\..\R5T.T0119\source\R5T.T0119\R5T.T0119.csproj", "{A7BEB220-DA21-41BF-8EA4-DED278819B8F}"
EndProject
Project("{9A19103F-16F7-4668-BE54-9A1E7A4F7556}") = "R5T.T0039.T002", "..\..\R5T.T0039\source\R5T.T0039.T002\R5T.T0039.T002.csproj", "{1C9C7152-BD22-40D8-A2A4-59FEFA5F6BDA}"
EndProject
Project("{9A19103F-16F7-4668-BE54-9A1E7A4F7556}") = "R5T.T0120.X002", "..\..\R5T.T0120\source\R5T.T0120.X002\R5T.T0120.X002.csproj", "{EB354040-9639-4399-9DB9-9E143E1B9477}"
EndProject
Project("{9A19103F-16F7-4668-BE54-9A1E7A4F7556}") = "R5T.T0120", "..\..\R5T.T0120\source\R5T.T0120\R5T.T0120.csproj", "{B10CDD65-A8D4-45AF-8D13-A0D4300068A8}"
EndProject
Project("{9A19103F-16F7-4668-BE54-9A1E7A4F7556}") = "R5T.F0000.T000", "..\..\R5T.F0000\source\R5T.F0000.T000\R5T.F0000.T000.csproj", "{3908A321-F7B1-4F00-BEE1-007E756E3E5D}"
EndProject
Project("{9A19103F-16F7-4668-BE54-9A1E7A4F7556}") = "R5T.F0040.F000", "..\..\R5T.F0040\source\R5T.F0040.F000\R5T.F0040.F000.csproj", "{256B9156-7993-47A6-969A-4D2FA623B489}"
EndProject
Project("{9A19103F-16F7-4668-BE54-9A1E7A4F7556}") = "R5T.T0142", "..\..\R5T.T0142\source\R5T.T0142\R5T.T0142.csproj", "{797F5C36-4465-4EAE-BF28-A4EE2A13062B}"
EndProject
Project("{9A19103F-16F7-4668-BE54-9A1E7A4F7556}") = "R5T.T0143", "..\..\R5T.T0143\source\R5T.T0143\R5T.T0143.csproj", "{BF9FCC1F-61A3-4EE5-84A9-694B5FF598A5}"
EndProject
Project("{9A19103F-16F7-4668-BE54-9A1E7A4F7556}") = "R5T.T0152", "..\..\R5T.T0152\source\R5T.T0152\R5T.T0152.csproj", "{CA2E6E5A-C23C-42BC-8E8B-88DB40C6FE4F}"
EndProject
Project("{9A19103F-16F7-4668-BE54-9A1E7A4F7556}") = "R5T.T0156", "..\..\R5T.T0156\source\R5T.T0156\R5T.T0156.csproj", "{741F4F32-174B-43B3-B7BC-210AFE9974AE}"
EndProject
Global
	GlobalSection(NestedProjects) = preSolution
		{03DB7146-9E5D-497D-B7D1-49CB87ABB5F7} = {7F8588AB-CE76-477B-824B-D019120D3EB9}
		{FD1CA831-F57D-4BC8-8032-BC9C6AF8FE6A} = {7F8588AB-CE76-477B-824B-D019120D3EB9}
		{6FD5DA30-FB82-40B9-BDE5-CA30E3033284} = {7F8588AB-CE76-477B-824B-D019120D3EB9}
		{D267A10E-A26E-438D-8247-3D26FE7014DF} = {7F8588AB-CE76-477B-824B-D019120D3EB9}
		{4CAE3E6A-096E-4C8E-8E6A-58FAE710E36E} = {7F8588AB-CE76-477B-824B-D019120D3EB9}
		{BD4DDE4C-CB20-4274-9282-EFCCCA50A38B} = {7F8588AB-CE76-477B-824B-D019120D3EB9}
		{8ED60153-0A47-40B4-B477-32B7E99F8CBF} = {7F8588AB-CE76-477B-824B-D019120D3EB9}
		{85596B62-4BAE-4F8C-884B-2CAEBBFBDA26} = {7F8588AB-CE76-477B-824B-D019120D3EB9}
		{46E1D9BF-FEA7-4CFC-B4AF-A048F181229D} = {7F8588AB-CE76-477B-824B-D019120D3EB9}
		{FC43657B-2C65-4B9C-B36A-F186B10B5840} = {7F8588AB-CE76-477B-824B-D019120D3EB9}
		{51A7C44F-0773-4D89-B75E-E78169FDE6BB} = {7F8588AB-CE76-477B-824B-D019120D3EB9}
		{A7BEB220-DA21-41BF-8EA4-DED278819B8F} = {7F8588AB-CE76-477B-824B-D019120D3EB9}
		{1C9C7152-BD22-40D8-A2A4-59FEFA5F6BDA} = {7F8588AB-CE76-477B-824B-D019120D3EB9}
		{EB354040-9639-4399-9DB9-9E143E1B9477} = {7F8588AB-CE76-477B-824B-D019120D3EB9}
		{B10CDD65-A8D4-45AF-8D13-A0D4300068A8} = {7F8588AB-CE76-477B-824B-D019120D3EB9}
		{3908A321-F7B1-4F00-BEE1-007E756E3E5D} = {7F8588AB-CE76-477B-824B-D019120D3EB9}
		{256B9156-7993-47A6-969A-4D2FA623B489} = {7F8588AB-CE76-477B-824B-D019120D3EB9}
		{797F5C36-4465-4EAE-BF28-A4EE2A13062B} = {7F8588AB-CE76-477B-824B-D019120D3EB9}
		{BF9FCC1F-61A3-4EE5-84A9-694B5FF598A5} = {7F8588AB-CE76-477B-824B-D019120D3EB9}
		{CA2E6E5A-C23C-42BC-8E8B-88DB40C6FE4F} = {7F8588AB-CE76-477B-824B-D019120D3EB9}
		{741F4F32-174B-43B3-B7BC-210AFE9974AE} = {7F8588AB-CE76-477B-824B-D019120D3EB9}
	EndGlobalSection
	GlobalSection(SolutionConfigurationPlatforms) = preSolution
		Debug|Any CPU = Debug|Any CPU
		Debug|x64 = Debug|x64
		Debug|x86 = Debug|x86
		Release|Any CPU = Release|Any CPU
		Release|x64 = Release|x64
		Release|x86 = Release|x86
	EndGlobalSection
	GlobalSection(ProjectConfigurationPlatforms) = postSolution
		{8534623F-7B15-4A91-94D1-72B6D60E42FD}.Debug|Any CPU.ActiveCfg = Debug|Any CPU
		{8534623F-7B15-4A91-94D1-72B6D60E42FD}.Debug|Any CPU.Build.0 = Debug|Any CPU
		{8534623F-7B15-4A91-94D1-72B6D60E42FD}.Debug|x64.ActiveCfg = Debug|Any CPU
		{8534623F-7B15-4A91-94D1-72B6D60E42FD}.Debug|x64.Build.0 = Debug|Any CPU
		{8534623F-7B15-4A91-94D1-72B6D60E42FD}.Debug|x86.ActiveCfg = Debug|Any CPU
		{8534623F-7B15-4A91-94D1-72B6D60E42FD}.Debug|x86.Build.0 = Debug|Any CPU
		{8534623F-7B15-4A91-94D1-72B6D60E42FD}.Release|Any CPU.ActiveCfg = Release|Any CPU
		{8534623F-7B15-4A91-94D1-72B6D60E42FD}.Release|Any CPU.Build.0 = Release|Any CPU
		{8534623F-7B15-4A91-94D1-72B6D60E42FD}.Release|x64.ActiveCfg = Release|Any CPU
		{8534623F-7B15-4A91-94D1-72B6D60E42FD}.Release|x64.Build.0 = Release|Any CPU
		{8534623F-7B15-4A91-94D1-72B6D60E42FD}.Release|x86.ActiveCfg = Release|Any CPU
		{8534623F-7B15-4A91-94D1-72B6D60E42FD}.Release|x86.Build.0 = Release|Any CPU
		{03DB7146-9E5D-497D-B7D1-49CB87ABB5F7}.Debug|Any CPU.ActiveCfg = Debug|Any CPU
		{03DB7146-9E5D-497D-B7D1-49CB87ABB5F7}.Debug|Any CPU.Build.0 = Debug|Any CPU
		{03DB7146-9E5D-497D-B7D1-49CB87ABB5F7}.Debug|x64.ActiveCfg = Debug|Any CPU
		{03DB7146-9E5D-497D-B7D1-49CB87ABB5F7}.Debug|x64.Build.0 = Debug|Any CPU
		{03DB7146-9E5D-497D-B7D1-49CB87ABB5F7}.Debug|x86.ActiveCfg = Debug|Any CPU
		{03DB7146-9E5D-497D-B7D1-49CB87ABB5F7}.Debug|x86.Build.0 = Debug|Any CPU
		{03DB7146-9E5D-497D-B7D1-49CB87ABB5F7}.Release|Any CPU.ActiveCfg = Release|Any CPU
		{03DB7146-9E5D-497D-B7D1-49CB87ABB5F7}.Release|Any CPU.Build.0 = Release|Any CPU
		{03DB7146-9E5D-497D-B7D1-49CB87ABB5F7}.Release|x64.ActiveCfg = Release|Any CPU
		{03DB7146-9E5D-497D-B7D1-49CB87ABB5F7}.Release|x64.Build.0 = Release|Any CPU
		{03DB7146-9E5D-497D-B7D1-49CB87ABB5F7}.Release|x86.ActiveCfg = Release|Any CPU
		{03DB7146-9E5D-497D-B7D1-49CB87ABB5F7}.Release|x86.Build.0 = Release|Any CPU
		{FD1CA831-F57D-4BC8-8032-BC9C6AF8FE6A}.Debug|Any CPU.ActiveCfg = Debug|Any CPU
		{FD1CA831-F57D-4BC8-8032-BC9C6AF8FE6A}.Debug|Any CPU.Build.0 = Debug|Any CPU
		{FD1CA831-F57D-4BC8-8032-BC9C6AF8FE6A}.Debug|x64.ActiveCfg = Debug|Any CPU
		{FD1CA831-F57D-4BC8-8032-BC9C6AF8FE6A}.Debug|x64.Build.0 = Debug|Any CPU
		{FD1CA831-F57D-4BC8-8032-BC9C6AF8FE6A}.Debug|x86.ActiveCfg = Debug|Any CPU
		{FD1CA831-F57D-4BC8-8032-BC9C6AF8FE6A}.Debug|x86.Build.0 = Debug|Any CPU
		{FD1CA831-F57D-4BC8-8032-BC9C6AF8FE6A}.Release|Any CPU.ActiveCfg = Release|Any CPU
		{FD1CA831-F57D-4BC8-8032-BC9C6AF8FE6A}.Release|Any CPU.Build.0 = Release|Any CPU
		{FD1CA831-F57D-4BC8-8032-BC9C6AF8FE6A}.Release|x64.ActiveCfg = Release|Any CPU
		{FD1CA831-F57D-4BC8-8032-BC9C6AF8FE6A}.Release|x64.Build.0 = Release|Any CPU
		{FD1CA831-F57D-4BC8-8032-BC9C6AF8FE6A}.Release|x86.ActiveCfg = Release|Any CPU
		{FD1CA831-F57D-4BC8-8032-BC9C6AF8FE6A}.Release|x86.Build.0 = Release|Any CPU
		{6FD5DA30-FB82-40B9-BDE5-CA30E3033284}.Debug|Any CPU.ActiveCfg = Debug|Any CPU
		{6FD5DA30-FB82-40B9-BDE5-CA30E3033284}.Debug|Any CPU.Build.0 = Debug|Any CPU
		{6FD5DA30-FB82-40B9-BDE5-CA30E3033284}.Debug|x64.ActiveCfg = Debug|Any CPU
		{6FD5DA30-FB82-40B9-BDE5-CA30E3033284}.Debug|x64.Build.0 = Debug|Any CPU
		{6FD5DA30-FB82-40B9-BDE5-CA30E3033284}.Debug|x86.ActiveCfg = Debug|Any CPU
		{6FD5DA30-FB82-40B9-BDE5-CA30E3033284}.Debug|x86.Build.0 = Debug|Any CPU
		{6FD5DA30-FB82-40B9-BDE5-CA30E3033284}.Release|Any CPU.ActiveCfg = Release|Any CPU
		{6FD5DA30-FB82-40B9-BDE5-CA30E3033284}.Release|Any CPU.Build.0 = Release|Any CPU
		{6FD5DA30-FB82-40B9-BDE5-CA30E3033284}.Release|x64.ActiveCfg = Release|Any CPU
		{6FD5DA30-FB82-40B9-BDE5-CA30E3033284}.Release|x64.Build.0 = Release|Any CPU
		{6FD5DA30-FB82-40B9-BDE5-CA30E3033284}.Release|x86.ActiveCfg = Release|Any CPU
		{6FD5DA30-FB82-40B9-BDE5-CA30E3033284}.Release|x86.Build.0 = Release|Any CPU
		{7F49CAAC-810F-47CB-B079-80E9DCFB126D}.Debug|Any CPU.ActiveCfg = Debug|Any CPU
		{7F49CAAC-810F-47CB-B079-80E9DCFB126D}.Debug|Any CPU.Build.0 = Debug|Any CPU
		{7F49CAAC-810F-47CB-B079-80E9DCFB126D}.Debug|x64.ActiveCfg = Debug|Any CPU
		{7F49CAAC-810F-47CB-B079-80E9DCFB126D}.Debug|x64.Build.0 = Debug|Any CPU
		{7F49CAAC-810F-47CB-B079-80E9DCFB126D}.Debug|x86.ActiveCfg = Debug|Any CPU
		{7F49CAAC-810F-47CB-B079-80E9DCFB126D}.Debug|x86.Build.0 = Debug|Any CPU
		{7F49CAAC-810F-47CB-B079-80E9DCFB126D}.Release|Any CPU.ActiveCfg = Release|Any CPU
		{7F49CAAC-810F-47CB-B079-80E9DCFB126D}.Release|Any CPU.Build.0 = Release|Any CPU
		{7F49CAAC-810F-47CB-B079-80E9DCFB126D}.Release|x64.ActiveCfg = Release|Any CPU
		{7F49CAAC-810F-47CB-B079-80E9DCFB126D}.Release|x64.Build.0 = Release|Any CPU
		{7F49CAAC-810F-47CB-B079-80E9DCFB126D}.Release|x86.ActiveCfg = Release|Any CPU
		{7F49CAAC-810F-47CB-B079-80E9DCFB126D}.Release|x86.Build.0 = Release|Any CPU
		{D267A10E-A26E-438D-8247-3D26FE7014DF}.Debug|Any CPU.ActiveCfg = Debug|Any CPU
		{D267A10E-A26E-438D-8247-3D26FE7014DF}.Debug|Any CPU.Build.0 = Debug|Any CPU
		{D267A10E-A26E-438D-8247-3D26FE7014DF}.Debug|x64.ActiveCfg = Debug|Any CPU
		{D267A10E-A26E-438D-8247-3D26FE7014DF}.Debug|x64.Build.0 = Debug|Any CPU
		{D267A10E-A26E-438D-8247-3D26FE7014DF}.Debug|x86.ActiveCfg = Debug|Any CPU
		{D267A10E-A26E-438D-8247-3D26FE7014DF}.Debug|x86.Build.0 = Debug|Any CPU
		{D267A10E-A26E-438D-8247-3D26FE7014DF}.Release|Any CPU.ActiveCfg = Release|Any CPU
		{D267A10E-A26E-438D-8247-3D26FE7014DF}.Release|Any CPU.Build.0 = Release|Any CPU
		{D267A10E-A26E-438D-8247-3D26FE7014DF}.Release|x64.ActiveCfg = Release|Any CPU
		{D267A10E-A26E-438D-8247-3D26FE7014DF}.Release|x64.Build.0 = Release|Any CPU
		{D267A10E-A26E-438D-8247-3D26FE7014DF}.Release|x86.ActiveCfg = Release|Any CPU
		{D267A10E-A26E-438D-8247-3D26FE7014DF}.Release|x86.Build.0 = Release|Any CPU
		{4CAE3E6A-096E-4C8E-8E6A-58FAE710E36E}.Debug|Any CPU.ActiveCfg = Debug|Any CPU
		{4CAE3E6A-096E-4C8E-8E6A-58FAE710E36E}.Debug|Any CPU.Build.0 = Debug|Any CPU
		{4CAE3E6A-096E-4C8E-8E6A-58FAE710E36E}.Debug|x64.ActiveCfg = Debug|Any CPU
		{4CAE3E6A-096E-4C8E-8E6A-58FAE710E36E}.Debug|x64.Build.0 = Debug|Any CPU
		{4CAE3E6A-096E-4C8E-8E6A-58FAE710E36E}.Debug|x86.ActiveCfg = Debug|Any CPU
		{4CAE3E6A-096E-4C8E-8E6A-58FAE710E36E}.Debug|x86.Build.0 = Debug|Any CPU
		{4CAE3E6A-096E-4C8E-8E6A-58FAE710E36E}.Release|Any CPU.ActiveCfg = Release|Any CPU
		{4CAE3E6A-096E-4C8E-8E6A-58FAE710E36E}.Release|Any CPU.Build.0 = Release|Any CPU
		{4CAE3E6A-096E-4C8E-8E6A-58FAE710E36E}.Release|x64.ActiveCfg = Release|Any CPU
		{4CAE3E6A-096E-4C8E-8E6A-58FAE710E36E}.Release|x64.Build.0 = Release|Any CPU
		{4CAE3E6A-096E-4C8E-8E6A-58FAE710E36E}.Release|x86.ActiveCfg = Release|Any CPU
		{4CAE3E6A-096E-4C8E-8E6A-58FAE710E36E}.Release|x86.Build.0 = Release|Any CPU
		{BD4DDE4C-CB20-4274-9282-EFCCCA50A38B}.Debug|Any CPU.ActiveCfg = Debug|Any CPU
		{BD4DDE4C-CB20-4274-9282-EFCCCA50A38B}.Debug|Any CPU.Build.0 = Debug|Any CPU
		{BD4DDE4C-CB20-4274-9282-EFCCCA50A38B}.Debug|x64.ActiveCfg = Debug|Any CPU
		{BD4DDE4C-CB20-4274-9282-EFCCCA50A38B}.Debug|x64.Build.0 = Debug|Any CPU
		{BD4DDE4C-CB20-4274-9282-EFCCCA50A38B}.Debug|x86.ActiveCfg = Debug|Any CPU
		{BD4DDE4C-CB20-4274-9282-EFCCCA50A38B}.Debug|x86.Build.0 = Debug|Any CPU
		{BD4DDE4C-CB20-4274-9282-EFCCCA50A38B}.Release|Any CPU.ActiveCfg = Release|Any CPU
		{BD4DDE4C-CB20-4274-9282-EFCCCA50A38B}.Release|Any CPU.Build.0 = Release|Any CPU
		{BD4DDE4C-CB20-4274-9282-EFCCCA50A38B}.Release|x64.ActiveCfg = Release|Any CPU
		{BD4DDE4C-CB20-4274-9282-EFCCCA50A38B}.Release|x64.Build.0 = Release|Any CPU
		{BD4DDE4C-CB20-4274-9282-EFCCCA50A38B}.Release|x86.ActiveCfg = Release|Any CPU
		{BD4DDE4C-CB20-4274-9282-EFCCCA50A38B}.Release|x86.Build.0 = Release|Any CPU
		{8ED60153-0A47-40B4-B477-32B7E99F8CBF}.Debug|Any CPU.ActiveCfg = Debug|Any CPU
		{8ED60153-0A47-40B4-B477-32B7E99F8CBF}.Debug|Any CPU.Build.0 = Debug|Any CPU
		{8ED60153-0A47-40B4-B477-32B7E99F8CBF}.Debug|x64.ActiveCfg = Debug|Any CPU
		{8ED60153-0A47-40B4-B477-32B7E99F8CBF}.Debug|x64.Build.0 = Debug|Any CPU
		{8ED60153-0A47-40B4-B477-32B7E99F8CBF}.Debug|x86.ActiveCfg = Debug|Any CPU
		{8ED60153-0A47-40B4-B477-32B7E99F8CBF}.Debug|x86.Build.0 = Debug|Any CPU
		{8ED60153-0A47-40B4-B477-32B7E99F8CBF}.Release|Any CPU.ActiveCfg = Release|Any CPU
		{8ED60153-0A47-40B4-B477-32B7E99F8CBF}.Release|Any CPU.Build.0 = Release|Any CPU
		{8ED60153-0A47-40B4-B477-32B7E99F8CBF}.Release|x64.ActiveCfg = Release|Any CPU
		{8ED60153-0A47-40B4-B477-32B7E99F8CBF}.Release|x64.Build.0 = Release|Any CPU
		{8ED60153-0A47-40B4-B477-32B7E99F8CBF}.Release|x86.ActiveCfg = Release|Any CPU
		{8ED60153-0A47-40B4-B477-32B7E99F8CBF}.Release|x86.Build.0 = Release|Any CPU
		{85596B62-4BAE-4F8C-884B-2CAEBBFBDA26}.Debug|Any CPU.ActiveCfg = Debug|Any CPU
		{85596B62-4BAE-4F8C-884B-2CAEBBFBDA26}.Debug|Any CPU.Build.0 = Debug|Any CPU
		{85596B62-4BAE-4F8C-884B-2CAEBBFBDA26}.Debug|x64.ActiveCfg = Debug|Any CPU
		{85596B62-4BAE-4F8C-884B-2CAEBBFBDA26}.Debug|x64.Build.0 = Debug|Any CPU
		{85596B62-4BAE-4F8C-884B-2CAEBBFBDA26}.Debug|x86.ActiveCfg = Debug|Any CPU
		{85596B62-4BAE-4F8C-884B-2CAEBBFBDA26}.Debug|x86.Build.0 = Debug|Any CPU
		{85596B62-4BAE-4F8C-884B-2CAEBBFBDA26}.Release|Any CPU.ActiveCfg = Release|Any CPU
		{85596B62-4BAE-4F8C-884B-2CAEBBFBDA26}.Release|Any CPU.Build.0 = Release|Any CPU
		{85596B62-4BAE-4F8C-884B-2CAEBBFBDA26}.Release|x64.ActiveCfg = Release|Any CPU
		{85596B62-4BAE-4F8C-884B-2CAEBBFBDA26}.Release|x64.Build.0 = Release|Any CPU
		{85596B62-4BAE-4F8C-884B-2CAEBBFBDA26}.Release|x86.ActiveCfg = Release|Any CPU
		{85596B62-4BAE-4F8C-884B-2CAEBBFBDA26}.Release|x86.Build.0 = Release|Any CPU
		{46E1D9BF-FEA7-4CFC-B4AF-A048F181229D}.Debug|Any CPU.ActiveCfg = Debug|Any CPU
		{46E1D9BF-FEA7-4CFC-B4AF-A048F181229D}.Debug|Any CPU.Build.0 = Debug|Any CPU
		{46E1D9BF-FEA7-4CFC-B4AF-A048F181229D}.Debug|x64.ActiveCfg = Debug|Any CPU
		{46E1D9BF-FEA7-4CFC-B4AF-A048F181229D}.Debug|x64.Build.0 = Debug|Any CPU
		{46E1D9BF-FEA7-4CFC-B4AF-A048F181229D}.Debug|x86.ActiveCfg = Debug|Any CPU
		{46E1D9BF-FEA7-4CFC-B4AF-A048F181229D}.Debug|x86.Build.0 = Debug|Any CPU
		{46E1D9BF-FEA7-4CFC-B4AF-A048F181229D}.Release|Any CPU.ActiveCfg = Release|Any CPU
		{46E1D9BF-FEA7-4CFC-B4AF-A048F181229D}.Release|Any CPU.Build.0 = Release|Any CPU
		{46E1D9BF-FEA7-4CFC-B4AF-A048F181229D}.Release|x64.ActiveCfg = Release|Any CPU
		{46E1D9BF-FEA7-4CFC-B4AF-A048F181229D}.Release|x64.Build.0 = Release|Any CPU
		{46E1D9BF-FEA7-4CFC-B4AF-A048F181229D}.Release|x86.ActiveCfg = Release|Any CPU
		{46E1D9BF-FEA7-4CFC-B4AF-A048F181229D}.Release|x86.Build.0 = Release|Any CPU
		{FC43657B-2C65-4B9C-B36A-F186B10B5840}.Debug|Any CPU.ActiveCfg = Debug|Any CPU
		{FC43657B-2C65-4B9C-B36A-F186B10B5840}.Debug|Any CPU.Build.0 = Debug|Any CPU
		{FC43657B-2C65-4B9C-B36A-F186B10B5840}.Debug|x64.ActiveCfg = Debug|Any CPU
		{FC43657B-2C65-4B9C-B36A-F186B10B5840}.Debug|x64.Build.0 = Debug|Any CPU
		{FC43657B-2C65-4B9C-B36A-F186B10B5840}.Debug|x86.ActiveCfg = Debug|Any CPU
		{FC43657B-2C65-4B9C-B36A-F186B10B5840}.Debug|x86.Build.0 = Debug|Any CPU
		{FC43657B-2C65-4B9C-B36A-F186B10B5840}.Release|Any CPU.ActiveCfg = Release|Any CPU
		{FC43657B-2C65-4B9C-B36A-F186B10B5840}.Release|Any CPU.Build.0 = Release|Any CPU
		{FC43657B-2C65-4B9C-B36A-F186B10B5840}.Release|x64.ActiveCfg = Release|Any CPU
		{FC43657B-2C65-4B9C-B36A-F186B10B5840}.Release|x64.Build.0 = Release|Any CPU
		{FC43657B-2C65-4B9C-B36A-F186B10B5840}.Release|x86.ActiveCfg = Release|Any CPU
		{FC43657B-2C65-4B9C-B36A-F186B10B5840}.Release|x86.Build.0 = Release|Any CPU
		{51A7C44F-0773-4D89-B75E-E78169FDE6BB}.Debug|Any CPU.ActiveCfg = Debug|Any CPU
		{51A7C44F-0773-4D89-B75E-E78169FDE6BB}.Debug|Any CPU.Build.0 = Debug|Any CPU
		{51A7C44F-0773-4D89-B75E-E78169FDE6BB}.Debug|x64.ActiveCfg = Debug|Any CPU
		{51A7C44F-0773-4D89-B75E-E78169FDE6BB}.Debug|x64.Build.0 = Debug|Any CPU
		{51A7C44F-0773-4D89-B75E-E78169FDE6BB}.Debug|x86.ActiveCfg = Debug|Any CPU
		{51A7C44F-0773-4D89-B75E-E78169FDE6BB}.Debug|x86.Build.0 = Debug|Any CPU
		{51A7C44F-0773-4D89-B75E-E78169FDE6BB}.Release|Any CPU.ActiveCfg = Release|Any CPU
		{51A7C44F-0773-4D89-B75E-E78169FDE6BB}.Release|Any CPU.Build.0 = Release|Any CPU
		{51A7C44F-0773-4D89-B75E-E78169FDE6BB}.Release|x64.ActiveCfg = Release|Any CPU
		{51A7C44F-0773-4D89-B75E-E78169FDE6BB}.Release|x64.Build.0 = Release|Any CPU
		{51A7C44F-0773-4D89-B75E-E78169FDE6BB}.Release|x86.ActiveCfg = Release|Any CPU
		{51A7C44F-0773-4D89-B75E-E78169FDE6BB}.Release|x86.Build.0 = Release|Any CPU
		{A7BEB220-DA21-41BF-8EA4-DED278819B8F}.Debug|Any CPU.ActiveCfg = Debug|Any CPU
		{A7BEB220-DA21-41BF-8EA4-DED278819B8F}.Debug|Any CPU.Build.0 = Debug|Any CPU
		{A7BEB220-DA21-41BF-8EA4-DED278819B8F}.Debug|x64.ActiveCfg = Debug|Any CPU
		{A7BEB220-DA21-41BF-8EA4-DED278819B8F}.Debug|x64.Build.0 = Debug|Any CPU
		{A7BEB220-DA21-41BF-8EA4-DED278819B8F}.Debug|x86.ActiveCfg = Debug|Any CPU
		{A7BEB220-DA21-41BF-8EA4-DED278819B8F}.Debug|x86.Build.0 = Debug|Any CPU
		{A7BEB220-DA21-41BF-8EA4-DED278819B8F}.Release|Any CPU.ActiveCfg = Release|Any CPU
		{A7BEB220-DA21-41BF-8EA4-DED278819B8F}.Release|Any CPU.Build.0 = Release|Any CPU
		{A7BEB220-DA21-41BF-8EA4-DED278819B8F}.Release|x64.ActiveCfg = Release|Any CPU
		{A7BEB220-DA21-41BF-8EA4-DED278819B8F}.Release|x64.Build.0 = Release|Any CPU
		{A7BEB220-DA21-41BF-8EA4-DED278819B8F}.Release|x86.ActiveCfg = Release|Any CPU
		{A7BEB220-DA21-41BF-8EA4-DED278819B8F}.Release|x86.Build.0 = Release|Any CPU
		{1C9C7152-BD22-40D8-A2A4-59FEFA5F6BDA}.Debug|Any CPU.ActiveCfg = Debug|Any CPU
		{1C9C7152-BD22-40D8-A2A4-59FEFA5F6BDA}.Debug|Any CPU.Build.0 = Debug|Any CPU
		{1C9C7152-BD22-40D8-A2A4-59FEFA5F6BDA}.Debug|x64.ActiveCfg = Debug|Any CPU
		{1C9C7152-BD22-40D8-A2A4-59FEFA5F6BDA}.Debug|x64.Build.0 = Debug|Any CPU
		{1C9C7152-BD22-40D8-A2A4-59FEFA5F6BDA}.Debug|x86.ActiveCfg = Debug|Any CPU
		{1C9C7152-BD22-40D8-A2A4-59FEFA5F6BDA}.Debug|x86.Build.0 = Debug|Any CPU
		{1C9C7152-BD22-40D8-A2A4-59FEFA5F6BDA}.Release|Any CPU.ActiveCfg = Release|Any CPU
		{1C9C7152-BD22-40D8-A2A4-59FEFA5F6BDA}.Release|Any CPU.Build.0 = Release|Any CPU
		{1C9C7152-BD22-40D8-A2A4-59FEFA5F6BDA}.Release|x64.ActiveCfg = Release|Any CPU
		{1C9C7152-BD22-40D8-A2A4-59FEFA5F6BDA}.Release|x64.Build.0 = Release|Any CPU
		{1C9C7152-BD22-40D8-A2A4-59FEFA5F6BDA}.Release|x86.ActiveCfg = Release|Any CPU
		{1C9C7152-BD22-40D8-A2A4-59FEFA5F6BDA}.Release|x86.Build.0 = Release|Any CPU
		{EB354040-9639-4399-9DB9-9E143E1B9477}.Debug|Any CPU.ActiveCfg = Debug|Any CPU
		{EB354040-9639-4399-9DB9-9E143E1B9477}.Debug|Any CPU.Build.0 = Debug|Any CPU
		{EB354040-9639-4399-9DB9-9E143E1B9477}.Debug|x64.ActiveCfg = Debug|Any CPU
		{EB354040-9639-4399-9DB9-9E143E1B9477}.Debug|x64.Build.0 = Debug|Any CPU
		{EB354040-9639-4399-9DB9-9E143E1B9477}.Debug|x86.ActiveCfg = Debug|Any CPU
		{EB354040-9639-4399-9DB9-9E143E1B9477}.Debug|x86.Build.0 = Debug|Any CPU
		{EB354040-9639-4399-9DB9-9E143E1B9477}.Release|Any CPU.ActiveCfg = Release|Any CPU
		{EB354040-9639-4399-9DB9-9E143E1B9477}.Release|Any CPU.Build.0 = Release|Any CPU
		{EB354040-9639-4399-9DB9-9E143E1B9477}.Release|x64.ActiveCfg = Release|Any CPU
		{EB354040-9639-4399-9DB9-9E143E1B9477}.Release|x64.Build.0 = Release|Any CPU
		{EB354040-9639-4399-9DB9-9E143E1B9477}.Release|x86.ActiveCfg = Release|Any CPU
		{EB354040-9639-4399-9DB9-9E143E1B9477}.Release|x86.Build.0 = Release|Any CPU
		{B10CDD65-A8D4-45AF-8D13-A0D4300068A8}.Debug|Any CPU.ActiveCfg = Debug|Any CPU
		{B10CDD65-A8D4-45AF-8D13-A0D4300068A8}.Debug|Any CPU.Build.0 = Debug|Any CPU
		{B10CDD65-A8D4-45AF-8D13-A0D4300068A8}.Debug|x64.ActiveCfg = Debug|Any CPU
		{B10CDD65-A8D4-45AF-8D13-A0D4300068A8}.Debug|x64.Build.0 = Debug|Any CPU
		{B10CDD65-A8D4-45AF-8D13-A0D4300068A8}.Debug|x86.ActiveCfg = Debug|Any CPU
		{B10CDD65-A8D4-45AF-8D13-A0D4300068A8}.Debug|x86.Build.0 = Debug|Any CPU
		{B10CDD65-A8D4-45AF-8D13-A0D4300068A8}.Release|Any CPU.ActiveCfg = Release|Any CPU
		{B10CDD65-A8D4-45AF-8D13-A0D4300068A8}.Release|Any CPU.Build.0 = Release|Any CPU
		{B10CDD65-A8D4-45AF-8D13-A0D4300068A8}.Release|x64.ActiveCfg = Release|Any CPU
		{B10CDD65-A8D4-45AF-8D13-A0D4300068A8}.Release|x64.Build.0 = Release|Any CPU
		{B10CDD65-A8D4-45AF-8D13-A0D4300068A8}.Release|x86.ActiveCfg = Release|Any CPU
		{B10CDD65-A8D4-45AF-8D13-A0D4300068A8}.Release|x86.Build.0 = Release|Any CPU
		{3908A321-F7B1-4F00-BEE1-007E756E3E5D}.Debug|Any CPU.ActiveCfg = Debug|Any CPU
		{3908A321-F7B1-4F00-BEE1-007E756E3E5D}.Debug|Any CPU.Build.0 = Debug|Any CPU
		{3908A321-F7B1-4F00-BEE1-007E756E3E5D}.Debug|x64.ActiveCfg = Debug|Any CPU
		{3908A321-F7B1-4F00-BEE1-007E756E3E5D}.Debug|x64.Build.0 = Debug|Any CPU
		{3908A321-F7B1-4F00-BEE1-007E756E3E5D}.Debug|x86.ActiveCfg = Debug|Any CPU
		{3908A321-F7B1-4F00-BEE1-007E756E3E5D}.Debug|x86.Build.0 = Debug|Any CPU
		{3908A321-F7B1-4F00-BEE1-007E756E3E5D}.Release|Any CPU.ActiveCfg = Release|Any CPU
		{3908A321-F7B1-4F00-BEE1-007E756E3E5D}.Release|Any CPU.Build.0 = Release|Any CPU
		{3908A321-F7B1-4F00-BEE1-007E756E3E5D}.Release|x64.ActiveCfg = Release|Any CPU
		{3908A321-F7B1-4F00-BEE1-007E756E3E5D}.Release|x64.Build.0 = Release|Any CPU
		{3908A321-F7B1-4F00-BEE1-007E756E3E5D}.Release|x86.ActiveCfg = Release|Any CPU
		{3908A321-F7B1-4F00-BEE1-007E756E3E5D}.Release|x86.Build.0 = Release|Any CPU
		{256B9156-7993-47A6-969A-4D2FA623B489}.Debug|Any CPU.ActiveCfg = Debug|Any CPU
		{256B9156-7993-47A6-969A-4D2FA623B489}.Debug|Any CPU.Build.0 = Debug|Any CPU
		{256B9156-7993-47A6-969A-4D2FA623B489}.Debug|x64.ActiveCfg = Debug|Any CPU
		{256B9156-7993-47A6-969A-4D2FA623B489}.Debug|x64.Build.0 = Debug|Any CPU
		{256B9156-7993-47A6-969A-4D2FA623B489}.Debug|x86.ActiveCfg = Debug|Any CPU
		{256B9156-7993-47A6-969A-4D2FA623B489}.Debug|x86.Build.0 = Debug|Any CPU
		{256B9156-7993-47A6-969A-4D2FA623B489}.Release|Any CPU.ActiveCfg = Release|Any CPU
		{256B9156-7993-47A6-969A-4D2FA623B489}.Release|Any CPU.Build.0 = Release|Any CPU
		{256B9156-7993-47A6-969A-4D2FA623B489}.Release|x64.ActiveCfg = Release|Any CPU
		{256B9156-7993-47A6-969A-4D2FA623B489}.Release|x64.Build.0 = Release|Any CPU
		{256B9156-7993-47A6-969A-4D2FA623B489}.Release|x86.ActiveCfg = Release|Any CPU
		{256B9156-7993-47A6-969A-4D2FA623B489}.Release|x86.Build.0 = Release|Any CPU
		{797F5C36-4465-4EAE-BF28-A4EE2A13062B}.Debug|Any CPU.ActiveCfg = Debug|Any CPU
		{797F5C36-4465-4EAE-BF28-A4EE2A13062B}.Debug|Any CPU.Build.0 = Debug|Any CPU
		{797F5C36-4465-4EAE-BF28-A4EE2A13062B}.Debug|x64.ActiveCfg = Debug|Any CPU
		{797F5C36-4465-4EAE-BF28-A4EE2A13062B}.Debug|x64.Build.0 = Debug|Any CPU
		{797F5C36-4465-4EAE-BF28-A4EE2A13062B}.Debug|x86.ActiveCfg = Debug|Any CPU
		{797F5C36-4465-4EAE-BF28-A4EE2A13062B}.Debug|x86.Build.0 = Debug|Any CPU
		{797F5C36-4465-4EAE-BF28-A4EE2A13062B}.Release|Any CPU.ActiveCfg = Release|Any CPU
		{797F5C36-4465-4EAE-BF28-A4EE2A13062B}.Release|Any CPU.Build.0 = Release|Any CPU
		{797F5C36-4465-4EAE-BF28-A4EE2A13062B}.Release|x64.ActiveCfg = Release|Any CPU
		{797F5C36-4465-4EAE-BF28-A4EE2A13062B}.Release|x64.Build.0 = Release|Any CPU
		{797F5C36-4465-4EAE-BF28-A4EE2A13062B}.Release|x86.ActiveCfg = Release|Any CPU
		{797F5C36-4465-4EAE-BF28-A4EE2A13062B}.Release|x86.Build.0 = Release|Any CPU
		{BF9FCC1F-61A3-4EE5-84A9-694B5FF598A5}.Debug|Any CPU.ActiveCfg = Debug|Any CPU
		{BF9FCC1F-61A3-4EE5-84A9-694B5FF598A5}.Debug|Any CPU.Build.0 = Debug|Any CPU
		{BF9FCC1F-61A3-4EE5-84A9-694B5FF598A5}.Debug|x64.ActiveCfg = Debug|Any CPU
		{BF9FCC1F-61A3-4EE5-84A9-694B5FF598A5}.Debug|x64.Build.0 = Debug|Any CPU
		{BF9FCC1F-61A3-4EE5-84A9-694B5FF598A5}.Debug|x86.ActiveCfg = Debug|Any CPU
		{BF9FCC1F-61A3-4EE5-84A9-694B5FF598A5}.Debug|x86.Build.0 = Debug|Any CPU
		{BF9FCC1F-61A3-4EE5-84A9-694B5FF598A5}.Release|Any CPU.ActiveCfg = Release|Any CPU
		{BF9FCC1F-61A3-4EE5-84A9-694B5FF598A5}.Release|Any CPU.Build.0 = Release|Any CPU
		{BF9FCC1F-61A3-4EE5-84A9-694B5FF598A5}.Release|x64.ActiveCfg = Release|Any CPU
		{BF9FCC1F-61A3-4EE5-84A9-694B5FF598A5}.Release|x64.Build.0 = Release|Any CPU
		{BF9FCC1F-61A3-4EE5-84A9-694B5FF598A5}.Release|x86.ActiveCfg = Release|Any CPU
		{BF9FCC1F-61A3-4EE5-84A9-694B5FF598A5}.Release|x86.Build.0 = Release|Any CPU
		{CA2E6E5A-C23C-42BC-8E8B-88DB40C6FE4F}.Debug|Any CPU.ActiveCfg = Debug|Any CPU
		{CA2E6E5A-C23C-42BC-8E8B-88DB40C6FE4F}.Debug|Any CPU.Build.0 = Debug|Any CPU
		{CA2E6E5A-C23C-42BC-8E8B-88DB40C6FE4F}.Debug|x64.ActiveCfg = Debug|Any CPU
		{CA2E6E5A-C23C-42BC-8E8B-88DB40C6FE4F}.Debug|x64.Build.0 = Debug|Any CPU
		{CA2E6E5A-C23C-42BC-8E8B-88DB40C6FE4F}.Debug|x86.ActiveCfg = Debug|Any CPU
		{CA2E6E5A-C23C-42BC-8E8B-88DB40C6FE4F}.Debug|x86.Build.0 = Debug|Any CPU
		{CA2E6E5A-C23C-42BC-8E8B-88DB40C6FE4F}.Release|Any CPU.ActiveCfg = Release|Any CPU
		{CA2E6E5A-C23C-42BC-8E8B-88DB40C6FE4F}.Release|Any CPU.Build.0 = Release|Any CPU
		{CA2E6E5A-C23C-42BC-8E8B-88DB40C6FE4F}.Release|x64.ActiveCfg = Release|Any CPU
		{CA2E6E5A-C23C-42BC-8E8B-88DB40C6FE4F}.Release|x64.Build.0 = Release|Any CPU
		{CA2E6E5A-C23C-42BC-8E8B-88DB40C6FE4F}.Release|x86.ActiveCfg = Release|Any CPU
		{CA2E6E5A-C23C-42BC-8E8B-88DB40C6FE4F}.Release|x86.Build.0 = Release|Any CPU
		{741F4F32-174B-43B3-B7BC-210AFE9974AE}.Debug|Any CPU.ActiveCfg = Debug|Any CPU
		{741F4F32-174B-43B3-B7BC-210AFE9974AE}.Debug|Any CPU.Build.0 = Debug|Any CPU
		{741F4F32-174B-43B3-B7BC-210AFE9974AE}.Debug|x64.ActiveCfg = Debug|Any CPU
		{741F4F32-174B-43B3-B7BC-210AFE9974AE}.Debug|x64.Build.0 = Debug|Any CPU
		{741F4F32-174B-43B3-B7BC-210AFE9974AE}.Debug|x86.ActiveCfg = Debug|Any CPU
		{741F4F32-174B-43B3-B7BC-210AFE9974AE}.Debug|x86.Build.0 = Debug|Any CPU
		{741F4F32-174B-43B3-B7BC-210AFE9974AE}.Release|Any CPU.ActiveCfg = Release|Any CPU
		{741F4F32-174B-43B3-B7BC-210AFE9974AE}.Release|Any CPU.Build.0 = Release|Any CPU
		{741F4F32-174B-43B3-B7BC-210AFE9974AE}.Release|x64.ActiveCfg = Release|Any CPU
		{741F4F32-174B-43B3-B7BC-210AFE9974AE}.Release|x64.Build.0 = Release|Any CPU
		{741F4F32-174B-43B3-B7BC-210AFE9974AE}.Release|x86.ActiveCfg = Release|Any CPU
		{741F4F32-174B-43B3-B7BC-210AFE9974AE}.Release|x86.Build.0 = Release|Any CPU
	EndGlobalSection
	GlobalSection(SolutionProperties) = preSolution
		HideSolutionNode = FALSE
	EndGlobalSection
	GlobalSection(ExtensibilityGlobals) = postSolution
		SolutionGuid = {5600205B-BB05-43C5-B58C-F1D06628E4C5}
	EndGlobalSection
EndGlobal
