
Microsoft Visual Studio Solution File, Format Version 12.00
# Visual Studio Version 17
VisualStudioVersion = 17.2.32630.192
MinimumVisualStudioVersion = 10.0.40219.1
Project("{9A19103F-16F7-4668-BE54-9A1E7A4F7556}") = "R5T.F0020.Construction", "R5T.F0020.Construction\R5T.F0020.Construction.csproj", "{31281A00-22B3-446C-9011-E4F8AADEDB7C}"
EndProject
Project("{9A19103F-16F7-4668-BE54-9A1E7A4F7556}") = "R5T.F0020", "R5T.F0020\R5T.F0020.csproj", "{8534623F-7B15-4A91-94D1-72B6D60E42FD}"
EndProject
Project("{2150E333-8FDC-42A3-9474-1A3956D46DE8}") = "_Dependencies", "_Dependencies", "{7F8588AB-CE76-477B-824B-D019120D3EB9}"
EndProject
Project("{9A19103F-16F7-4668-BE54-9A1E7A4F7556}") = "R5T.T0132", "..\..\R5T.T0132\source\R5T.T0132\R5T.T0132.csproj", "{03DB7146-9E5D-497D-B7D1-49CB87ABB5F7}"
EndProject
Project("{9A19103F-16F7-4668-BE54-9A1E7A4F7556}") = "R5T.T0141", "..\..\R5T.T0141\source\R5T.T0141\R5T.T0141.csproj", "{FD1CA831-F57D-4BC8-8032-BC9C6AF8FE6A}"
EndProject
Project("{9A19103F-16F7-4668-BE54-9A1E7A4F7556}") = "R5T.F0002", "..\..\R5T.F0002\source\R5T.F0002\R5T.F0002.csproj", "{6FD5DA30-FB82-40B9-BDE5-CA30E3033284}"
EndProject
Project("{9A19103F-16F7-4668-BE54-9A1E7A4F7556}") = "R5T.T0143", "..\..\R5T.T0143\source\R5T.T0143\R5T.T0143.csproj", "{62CD89C7-CA86-47E7-A4C4-A6496538384D}"
EndProject
Project("{9A19103F-16F7-4668-BE54-9A1E7A4F7556}") = "R5T.F0000", "..\..\R5T.F0000\source\R5T.F0000\R5T.F0000.csproj", "{32A15E37-47CF-4817-8930-8A59F60A816E}"
EndProject
Project("{9A19103F-16F7-4668-BE54-9A1E7A4F7556}") = "R5T.Z0000", "..\..\R5T.Z0000\source\R5T.Z0000\R5T.Z0000.csproj", "{4B713458-97BB-4802-887A-96A6CA018128}"
EndProject
Project("{9A19103F-16F7-4668-BE54-9A1E7A4F7556}") = "R5T.T0131", "..\..\R5T.T0131\source\R5T.T0131\R5T.T0131.csproj", "{717CCB0A-F78B-4295-8B57-52BAAE9055E6}"
EndProject
Project("{9A19103F-16F7-4668-BE54-9A1E7A4F7556}") = "R5T.Y0000", "..\..\R5T.Y0000\source\R5T.Y0000\R5T.Y0000.csproj", "{A30B2455-AB3D-4F8E-A99F-375CAAB47E27}"
EndProject
Project("{9A19103F-16F7-4668-BE54-9A1E7A4F7556}") = "R5T.Magyar", "..\..\R5T.Magyar\source\R5T.Magyar\R5T.Magyar.csproj", "{31CECD33-A510-4D93-95A5-53B25BD6A8B1}"
EndProject
Project("{9A19103F-16F7-4668-BE54-9A1E7A4F7556}") = "R5T.F0032", "..\..\R5T.F0032\source\R5T.F0032\R5T.F0032.csproj", "{73438B40-863B-4835-BC61-7033B416D0C0}"
EndProject
Project("{9A19103F-16F7-4668-BE54-9A1E7A4F7556}") = "R5T.Z0015", "..\..\R5T.Z0015\source\R5T.Z0015\R5T.Z0015.csproj", "{B99B0061-A0DF-4DCE-85A6-7CBB953A8036}"
EndProject
Project("{9A19103F-16F7-4668-BE54-9A1E7A4F7556}") = "R5T.F0033", "..\..\R5T.F0033\source\R5T.F0033\R5T.F0033.csproj", "{19FAFE84-83D8-4CF0-814D-F64CDEE7F059}"
EndProject
Project("{9A19103F-16F7-4668-BE54-9A1E7A4F7556}") = "R5T.Z0008", "..\..\R5T.Z0008\source\R5T.Z0008\R5T.Z0008.csproj", "{1C292479-59D9-4511-A83F-F9EDF2C08D98}"
EndProject
Project("{9A19103F-16F7-4668-BE54-9A1E7A4F7556}") = "R5T.T0120", "..\..\R5T.T0120\source\R5T.T0120\R5T.T0120.csproj", "{ABEFBAFB-06EC-4329-ABF5-B5727FEED30A}"
EndProject
Project("{9A19103F-16F7-4668-BE54-9A1E7A4F7556}") = "R5T.F0000.T000", "..\..\R5T.F0000\source\R5T.F0000.T000\R5T.F0000.T000.csproj", "{39A9282E-05C2-48F5-B723-0EEEDE232D71}"
EndProject
Project("{9A19103F-16F7-4668-BE54-9A1E7A4F7556}") = "R5T.F0040.F000", "..\..\R5T.F0040\source\R5T.F0040.F000\R5T.F0040.F000.csproj", "{28992BD9-364A-4DDC-8A31-9F0563EA117A}"
EndProject
Project("{9A19103F-16F7-4668-BE54-9A1E7A4F7556}") = "R5T.NG0008", "..\..\R5T.NG0008\source\R5T.NG0008\R5T.NG0008.csproj", "{A2CEE3C9-50D5-44AC-BDD5-E5379B6B4D38}"
EndProject
Project("{9A19103F-16F7-4668-BE54-9A1E7A4F7556}") = "R5T.T0142", "..\..\R5T.T0142\source\R5T.T0142\R5T.T0142.csproj", "{A126020B-FA66-4C83-9336-0AAB99414B3C}"
EndProject
Project("{9A19103F-16F7-4668-BE54-9A1E7A4F7556}") = "R5T.T0152", "..\..\R5T.T0152\source\R5T.T0152\R5T.T0152.csproj", "{1A48A3A0-0A70-4645-A6E5-77FA333840B6}"
EndProject
Project("{9A19103F-16F7-4668-BE54-9A1E7A4F7556}") = "R5T.T0156", "..\..\R5T.T0156\source\R5T.T0156\R5T.T0156.csproj", "{6CC77190-17BC-4FE0-B462-FD30786C4D1B}"
EndProject
Project("{9A19103F-16F7-4668-BE54-9A1E7A4F7556}") = "R5T.F0033.Platform", "..\..\R5T.F0033\source\R5T.F0033.Platform\R5T.F0033.Platform.csproj", "{BE6B4EAC-5125-498F-83C8-36DD2F217A47}"
EndProject
Project("{9A19103F-16F7-4668-BE54-9A1E7A4F7556}") = "R5T.L0053", "..\..\R5T.L0053\source\R5T.L0053\R5T.L0053.csproj", "{A6BEFE12-63D9-4176-8226-D88CFB659B54}"
EndProject
Project("{9A19103F-16F7-4668-BE54-9A1E7A4F7556}") = "R5T.L0066", "..\..\R5T.L0066\source\R5T.L0066\R5T.L0066.csproj", "{D3DDF720-9FD5-49E7-9F7D-BA55FF25F5BD}"
EndProject
Project("{9A19103F-16F7-4668-BE54-9A1E7A4F7556}") = "R5T.L0071", "..\..\R5T.L0071\source\R5T.L0071\R5T.L0071.csproj", "{6CB40B96-EAB1-4938-93E5-A06DFD97C600}"
EndProject
Project("{9A19103F-16F7-4668-BE54-9A1E7A4F7556}") = "R5T.L0089.F000", "..\..\R5T.L0089\source\R5T.L0089.F000\R5T.L0089.F000.csproj", "{0A81669E-711B-4BD6-9569-6D086787E2D6}"
EndProject
Project("{9A19103F-16F7-4668-BE54-9A1E7A4F7556}") = "R5T.L0089.T000", "..\..\R5T.L0089\source\R5T.L0089.T000\R5T.L0089.T000.csproj", "{AA2C9388-67E1-44DA-B391-792672F092CF}"
EndProject
Project("{9A19103F-16F7-4668-BE54-9A1E7A4F7556}") = "R5T.L0089", "..\..\R5T.L0089\source\R5T.L0089\R5T.L0089.csproj", "{ECA11860-3264-4340-83FA-966CD8756657}"
EndProject
Project("{9A19103F-16F7-4668-BE54-9A1E7A4F7556}") = "R5T.T0178", "..\..\R5T.T0178\source\R5T.T0178\R5T.T0178.csproj", "{E388BEB7-6E75-4B06-819C-7818685B9E28}"
EndProject
Project("{9A19103F-16F7-4668-BE54-9A1E7A4F7556}") = "R5T.T0179", "..\..\R5T.T0179\source\R5T.T0179\R5T.T0179.csproj", "{3F18B9E1-FCAB-4332-9B40-BDFF37F49F75}"
EndProject
Project("{9A19103F-16F7-4668-BE54-9A1E7A4F7556}") = "R5T.T0180", "..\..\R5T.T0180\source\R5T.T0180\R5T.T0180.csproj", "{621E7F28-287B-4B9C-9799-431D81759A86}"
EndProject
Project("{9A19103F-16F7-4668-BE54-9A1E7A4F7556}") = "R5T.T0181", "..\..\R5T.T0181\source\R5T.T0181\R5T.T0181.csproj", "{878BB918-3ECD-40E6-A1E3-67302FF7D334}"
EndProject
Project("{9A19103F-16F7-4668-BE54-9A1E7A4F7556}") = "R5T.T0221", "..\..\R5T.T0221\source\R5T.T0221\R5T.T0221.csproj", "{9FD0FC3A-1245-4793-A0E4-F66264210CC1}"
EndProject
Project("{9A19103F-16F7-4668-BE54-9A1E7A4F7556}") = "R5T.T0241", "..\..\R5T.T0241\source\R5T.T0241\R5T.T0241.csproj", "{27DB0E87-44A2-45CC-9D5F-A92B826EF820}"
EndProject
Project("{9A19103F-16F7-4668-BE54-9A1E7A4F7556}") = "R5T.Y0006", "..\..\R5T.Y0006\source\R5T.Y0006\R5T.Y0006.csproj", "{3B71D309-624B-4A8D-878C-6BBBE5919149}"
EndProject
Project("{9A19103F-16F7-4668-BE54-9A1E7A4F7556}") = "R5T.Z0072.Z000", "..\..\R5T.Z0072\source\R5T.Z0072.Z000\R5T.Z0072.Z000.csproj", "{00119BB3-5237-458A-8A9D-EB3CBCC7BA1D}"
EndProject
Project("{9A19103F-16F7-4668-BE54-9A1E7A4F7556}") = "R5T.Z0072.Z002", "..\..\R5T.Z0072\source\R5T.Z0072.Z002\R5T.Z0072.Z002.csproj", "{2FA1A8EB-2DB7-4D07-886F-CAF490E35629}"
EndProject
Global
	GlobalSection(NestedProjects) = preSolution
		{03DB7146-9E5D-497D-B7D1-49CB87ABB5F7} = {7F8588AB-CE76-477B-824B-D019120D3EB9}
		{FD1CA831-F57D-4BC8-8032-BC9C6AF8FE6A} = {7F8588AB-CE76-477B-824B-D019120D3EB9}
		{6FD5DA30-FB82-40B9-BDE5-CA30E3033284} = {7F8588AB-CE76-477B-824B-D019120D3EB9}
		{62CD89C7-CA86-47E7-A4C4-A6496538384D} = {7F8588AB-CE76-477B-824B-D019120D3EB9}
		{32A15E37-47CF-4817-8930-8A59F60A816E} = {7F8588AB-CE76-477B-824B-D019120D3EB9}
		{4B713458-97BB-4802-887A-96A6CA018128} = {7F8588AB-CE76-477B-824B-D019120D3EB9}
		{717CCB0A-F78B-4295-8B57-52BAAE9055E6} = {7F8588AB-CE76-477B-824B-D019120D3EB9}
		{A30B2455-AB3D-4F8E-A99F-375CAAB47E27} = {7F8588AB-CE76-477B-824B-D019120D3EB9}
		{31CECD33-A510-4D93-95A5-53B25BD6A8B1} = {7F8588AB-CE76-477B-824B-D019120D3EB9}
		{73438B40-863B-4835-BC61-7033B416D0C0} = {7F8588AB-CE76-477B-824B-D019120D3EB9}
		{B99B0061-A0DF-4DCE-85A6-7CBB953A8036} = {7F8588AB-CE76-477B-824B-D019120D3EB9}
		{19FAFE84-83D8-4CF0-814D-F64CDEE7F059} = {7F8588AB-CE76-477B-824B-D019120D3EB9}
		{1C292479-59D9-4511-A83F-F9EDF2C08D98} = {7F8588AB-CE76-477B-824B-D019120D3EB9}
		{ABEFBAFB-06EC-4329-ABF5-B5727FEED30A} = {7F8588AB-CE76-477B-824B-D019120D3EB9}
		{39A9282E-05C2-48F5-B723-0EEEDE232D71} = {7F8588AB-CE76-477B-824B-D019120D3EB9}
		{28992BD9-364A-4DDC-8A31-9F0563EA117A} = {7F8588AB-CE76-477B-824B-D019120D3EB9}
		{A2CEE3C9-50D5-44AC-BDD5-E5379B6B4D38} = {7F8588AB-CE76-477B-824B-D019120D3EB9}
		{A126020B-FA66-4C83-9336-0AAB99414B3C} = {7F8588AB-CE76-477B-824B-D019120D3EB9}
		{1A48A3A0-0A70-4645-A6E5-77FA333840B6} = {7F8588AB-CE76-477B-824B-D019120D3EB9}
		{6CC77190-17BC-4FE0-B462-FD30786C4D1B} = {7F8588AB-CE76-477B-824B-D019120D3EB9}
		{BE6B4EAC-5125-498F-83C8-36DD2F217A47} = {7F8588AB-CE76-477B-824B-D019120D3EB9}
		{A6BEFE12-63D9-4176-8226-D88CFB659B54} = {7F8588AB-CE76-477B-824B-D019120D3EB9}
		{D3DDF720-9FD5-49E7-9F7D-BA55FF25F5BD} = {7F8588AB-CE76-477B-824B-D019120D3EB9}
		{6CB40B96-EAB1-4938-93E5-A06DFD97C600} = {7F8588AB-CE76-477B-824B-D019120D3EB9}
		{0A81669E-711B-4BD6-9569-6D086787E2D6} = {7F8588AB-CE76-477B-824B-D019120D3EB9}
		{AA2C9388-67E1-44DA-B391-792672F092CF} = {7F8588AB-CE76-477B-824B-D019120D3EB9}
		{ECA11860-3264-4340-83FA-966CD8756657} = {7F8588AB-CE76-477B-824B-D019120D3EB9}
		{E388BEB7-6E75-4B06-819C-7818685B9E28} = {7F8588AB-CE76-477B-824B-D019120D3EB9}
		{3F18B9E1-FCAB-4332-9B40-BDFF37F49F75} = {7F8588AB-CE76-477B-824B-D019120D3EB9}
		{621E7F28-287B-4B9C-9799-431D81759A86} = {7F8588AB-CE76-477B-824B-D019120D3EB9}
		{878BB918-3ECD-40E6-A1E3-67302FF7D334} = {7F8588AB-CE76-477B-824B-D019120D3EB9}
		{9FD0FC3A-1245-4793-A0E4-F66264210CC1} = {7F8588AB-CE76-477B-824B-D019120D3EB9}
		{27DB0E87-44A2-45CC-9D5F-A92B826EF820} = {7F8588AB-CE76-477B-824B-D019120D3EB9}
		{3B71D309-624B-4A8D-878C-6BBBE5919149} = {7F8588AB-CE76-477B-824B-D019120D3EB9}
		{00119BB3-5237-458A-8A9D-EB3CBCC7BA1D} = {7F8588AB-CE76-477B-824B-D019120D3EB9}
		{2FA1A8EB-2DB7-4D07-886F-CAF490E35629} = {7F8588AB-CE76-477B-824B-D019120D3EB9}
	EndGlobalSection
	GlobalSection(SolutionConfigurationPlatforms) = preSolution
		Debug|Any CPU = Debug|Any CPU
		Debug|x64 = Debug|x64
		Debug|x86 = Debug|x86
		Release|Any CPU = Release|Any CPU
		Release|x64 = Release|x64
		Release|x86 = Release|x86
	EndGlobalSection
	GlobalSection(ProjectConfigurationPlatforms) = postSolution
		{31281A00-22B3-446C-9011-E4F8AADEDB7C}.Debug|Any CPU.ActiveCfg = Debug|Any CPU
		{31281A00-22B3-446C-9011-E4F8AADEDB7C}.Debug|Any CPU.Build.0 = Debug|Any CPU
		{31281A00-22B3-446C-9011-E4F8AADEDB7C}.Debug|x64.ActiveCfg = Debug|Any CPU
		{31281A00-22B3-446C-9011-E4F8AADEDB7C}.Debug|x64.Build.0 = Debug|Any CPU
		{31281A00-22B3-446C-9011-E4F8AADEDB7C}.Debug|x86.ActiveCfg = Debug|Any CPU
		{31281A00-22B3-446C-9011-E4F8AADEDB7C}.Debug|x86.Build.0 = Debug|Any CPU
		{31281A00-22B3-446C-9011-E4F8AADEDB7C}.Release|Any CPU.ActiveCfg = Release|Any CPU
		{31281A00-22B3-446C-9011-E4F8AADEDB7C}.Release|Any CPU.Build.0 = Release|Any CPU
		{31281A00-22B3-446C-9011-E4F8AADEDB7C}.Release|x64.ActiveCfg = Release|Any CPU
		{31281A00-22B3-446C-9011-E4F8AADEDB7C}.Release|x64.Build.0 = Release|Any CPU
		{31281A00-22B3-446C-9011-E4F8AADEDB7C}.Release|x86.ActiveCfg = Release|Any CPU
		{31281A00-22B3-446C-9011-E4F8AADEDB7C}.Release|x86.Build.0 = Release|Any CPU
		{8534623F-7B15-4A91-94D1-72B6D60E42FD}.Debug|Any CPU.ActiveCfg = Debug|Any CPU
		{8534623F-7B15-4A91-94D1-72B6D60E42FD}.Debug|Any CPU.Build.0 = Debug|Any CPU
		{8534623F-7B15-4A91-94D1-72B6D60E42FD}.Debug|x64.ActiveCfg = Debug|Any CPU
		{8534623F-7B15-4A91-94D1-72B6D60E42FD}.Debug|x64.Build.0 = Debug|Any CPU
		{8534623F-7B15-4A91-94D1-72B6D60E42FD}.Debug|x86.ActiveCfg = Debug|Any CPU
		{8534623F-7B15-4A91-94D1-72B6D60E42FD}.Debug|x86.Build.0 = Debug|Any CPU
		{8534623F-7B15-4A91-94D1-72B6D60E42FD}.Release|Any CPU.ActiveCfg = Release|Any CPU
		{8534623F-7B15-4A91-94D1-72B6D60E42FD}.Release|Any CPU.Build.0 = Release|Any CPU
		{8534623F-7B15-4A91-94D1-72B6D60E42FD}.Release|x64.ActiveCfg = Release|Any CPU
		{8534623F-7B15-4A91-94D1-72B6D60E42FD}.Release|x64.Build.0 = Release|Any CPU
		{8534623F-7B15-4A91-94D1-72B6D60E42FD}.Release|x86.ActiveCfg = Release|Any CPU
		{8534623F-7B15-4A91-94D1-72B6D60E42FD}.Release|x86.Build.0 = Release|Any CPU
		{03DB7146-9E5D-497D-B7D1-49CB87ABB5F7}.Debug|Any CPU.ActiveCfg = Debug|Any CPU
		{03DB7146-9E5D-497D-B7D1-49CB87ABB5F7}.Debug|Any CPU.Build.0 = Debug|Any CPU
		{03DB7146-9E5D-497D-B7D1-49CB87ABB5F7}.Debug|x64.ActiveCfg = Debug|Any CPU
		{03DB7146-9E5D-497D-B7D1-49CB87ABB5F7}.Debug|x64.Build.0 = Debug|Any CPU
		{03DB7146-9E5D-497D-B7D1-49CB87ABB5F7}.Debug|x86.ActiveCfg = Debug|Any CPU
		{03DB7146-9E5D-497D-B7D1-49CB87ABB5F7}.Debug|x86.Build.0 = Debug|Any CPU
		{03DB7146-9E5D-497D-B7D1-49CB87ABB5F7}.Release|Any CPU.ActiveCfg = Release|Any CPU
		{03DB7146-9E5D-497D-B7D1-49CB87ABB5F7}.Release|Any CPU.Build.0 = Release|Any CPU
		{03DB7146-9E5D-497D-B7D1-49CB87ABB5F7}.Release|x64.ActiveCfg = Release|Any CPU
		{03DB7146-9E5D-497D-B7D1-49CB87ABB5F7}.Release|x64.Build.0 = Release|Any CPU
		{03DB7146-9E5D-497D-B7D1-49CB87ABB5F7}.Release|x86.ActiveCfg = Release|Any CPU
		{03DB7146-9E5D-497D-B7D1-49CB87ABB5F7}.Release|x86.Build.0 = Release|Any CPU
		{FD1CA831-F57D-4BC8-8032-BC9C6AF8FE6A}.Debug|Any CPU.ActiveCfg = Debug|Any CPU
		{FD1CA831-F57D-4BC8-8032-BC9C6AF8FE6A}.Debug|Any CPU.Build.0 = Debug|Any CPU
		{FD1CA831-F57D-4BC8-8032-BC9C6AF8FE6A}.Debug|x64.ActiveCfg = Debug|Any CPU
		{FD1CA831-F57D-4BC8-8032-BC9C6AF8FE6A}.Debug|x64.Build.0 = Debug|Any CPU
		{FD1CA831-F57D-4BC8-8032-BC9C6AF8FE6A}.Debug|x86.ActiveCfg = Debug|Any CPU
		{FD1CA831-F57D-4BC8-8032-BC9C6AF8FE6A}.Debug|x86.Build.0 = Debug|Any CPU
		{FD1CA831-F57D-4BC8-8032-BC9C6AF8FE6A}.Release|Any CPU.ActiveCfg = Release|Any CPU
		{FD1CA831-F57D-4BC8-8032-BC9C6AF8FE6A}.Release|Any CPU.Build.0 = Release|Any CPU
		{FD1CA831-F57D-4BC8-8032-BC9C6AF8FE6A}.Release|x64.ActiveCfg = Release|Any CPU
		{FD1CA831-F57D-4BC8-8032-BC9C6AF8FE6A}.Release|x64.Build.0 = Release|Any CPU
		{FD1CA831-F57D-4BC8-8032-BC9C6AF8FE6A}.Release|x86.ActiveCfg = Release|Any CPU
		{FD1CA831-F57D-4BC8-8032-BC9C6AF8FE6A}.Release|x86.Build.0 = Release|Any CPU
		{6FD5DA30-FB82-40B9-BDE5-CA30E3033284}.Debug|Any CPU.ActiveCfg = Debug|Any CPU
		{6FD5DA30-FB82-40B9-BDE5-CA30E3033284}.Debug|Any CPU.Build.0 = Debug|Any CPU
		{6FD5DA30-FB82-40B9-BDE5-CA30E3033284}.Debug|x64.ActiveCfg = Debug|Any CPU
		{6FD5DA30-FB82-40B9-BDE5-CA30E3033284}.Debug|x64.Build.0 = Debug|Any CPU
		{6FD5DA30-FB82-40B9-BDE5-CA30E3033284}.Debug|x86.ActiveCfg = Debug|Any CPU
		{6FD5DA30-FB82-40B9-BDE5-CA30E3033284}.Debug|x86.Build.0 = Debug|Any CPU
		{6FD5DA30-FB82-40B9-BDE5-CA30E3033284}.Release|Any CPU.ActiveCfg = Release|Any CPU
		{6FD5DA30-FB82-40B9-BDE5-CA30E3033284}.Release|Any CPU.Build.0 = Release|Any CPU
		{6FD5DA30-FB82-40B9-BDE5-CA30E3033284}.Release|x64.ActiveCfg = Release|Any CPU
		{6FD5DA30-FB82-40B9-BDE5-CA30E3033284}.Release|x64.Build.0 = Release|Any CPU
		{6FD5DA30-FB82-40B9-BDE5-CA30E3033284}.Release|x86.ActiveCfg = Release|Any CPU
		{6FD5DA30-FB82-40B9-BDE5-CA30E3033284}.Release|x86.Build.0 = Release|Any CPU
		{62CD89C7-CA86-47E7-A4C4-A6496538384D}.Debug|Any CPU.ActiveCfg = Debug|Any CPU
		{62CD89C7-CA86-47E7-A4C4-A6496538384D}.Debug|Any CPU.Build.0 = Debug|Any CPU
		{62CD89C7-CA86-47E7-A4C4-A6496538384D}.Debug|x64.ActiveCfg = Debug|Any CPU
		{62CD89C7-CA86-47E7-A4C4-A6496538384D}.Debug|x64.Build.0 = Debug|Any CPU
		{62CD89C7-CA86-47E7-A4C4-A6496538384D}.Debug|x86.ActiveCfg = Debug|Any CPU
		{62CD89C7-CA86-47E7-A4C4-A6496538384D}.Debug|x86.Build.0 = Debug|Any CPU
		{62CD89C7-CA86-47E7-A4C4-A6496538384D}.Release|Any CPU.ActiveCfg = Release|Any CPU
		{62CD89C7-CA86-47E7-A4C4-A6496538384D}.Release|Any CPU.Build.0 = Release|Any CPU
		{62CD89C7-CA86-47E7-A4C4-A6496538384D}.Release|x64.ActiveCfg = Release|Any CPU
		{62CD89C7-CA86-47E7-A4C4-A6496538384D}.Release|x64.Build.0 = Release|Any CPU
		{62CD89C7-CA86-47E7-A4C4-A6496538384D}.Release|x86.ActiveCfg = Release|Any CPU
		{62CD89C7-CA86-47E7-A4C4-A6496538384D}.Release|x86.Build.0 = Release|Any CPU
		{32A15E37-47CF-4817-8930-8A59F60A816E}.Debug|Any CPU.ActiveCfg = Debug|Any CPU
		{32A15E37-47CF-4817-8930-8A59F60A816E}.Debug|Any CPU.Build.0 = Debug|Any CPU
		{32A15E37-47CF-4817-8930-8A59F60A816E}.Debug|x64.ActiveCfg = Debug|Any CPU
		{32A15E37-47CF-4817-8930-8A59F60A816E}.Debug|x64.Build.0 = Debug|Any CPU
		{32A15E37-47CF-4817-8930-8A59F60A816E}.Debug|x86.ActiveCfg = Debug|Any CPU
		{32A15E37-47CF-4817-8930-8A59F60A816E}.Debug|x86.Build.0 = Debug|Any CPU
		{32A15E37-47CF-4817-8930-8A59F60A816E}.Release|Any CPU.ActiveCfg = Release|Any CPU
		{32A15E37-47CF-4817-8930-8A59F60A816E}.Release|Any CPU.Build.0 = Release|Any CPU
		{32A15E37-47CF-4817-8930-8A59F60A816E}.Release|x64.ActiveCfg = Release|Any CPU
		{32A15E37-47CF-4817-8930-8A59F60A816E}.Release|x64.Build.0 = Release|Any CPU
		{32A15E37-47CF-4817-8930-8A59F60A816E}.Release|x86.ActiveCfg = Release|Any CPU
		{32A15E37-47CF-4817-8930-8A59F60A816E}.Release|x86.Build.0 = Release|Any CPU
		{4B713458-97BB-4802-887A-96A6CA018128}.Debug|Any CPU.ActiveCfg = Debug|Any CPU
		{4B713458-97BB-4802-887A-96A6CA018128}.Debug|Any CPU.Build.0 = Debug|Any CPU
		{4B713458-97BB-4802-887A-96A6CA018128}.Debug|x64.ActiveCfg = Debug|Any CPU
		{4B713458-97BB-4802-887A-96A6CA018128}.Debug|x64.Build.0 = Debug|Any CPU
		{4B713458-97BB-4802-887A-96A6CA018128}.Debug|x86.ActiveCfg = Debug|Any CPU
		{4B713458-97BB-4802-887A-96A6CA018128}.Debug|x86.Build.0 = Debug|Any CPU
		{4B713458-97BB-4802-887A-96A6CA018128}.Release|Any CPU.ActiveCfg = Release|Any CPU
		{4B713458-97BB-4802-887A-96A6CA018128}.Release|Any CPU.Build.0 = Release|Any CPU
		{4B713458-97BB-4802-887A-96A6CA018128}.Release|x64.ActiveCfg = Release|Any CPU
		{4B713458-97BB-4802-887A-96A6CA018128}.Release|x64.Build.0 = Release|Any CPU
		{4B713458-97BB-4802-887A-96A6CA018128}.Release|x86.ActiveCfg = Release|Any CPU
		{4B713458-97BB-4802-887A-96A6CA018128}.Release|x86.Build.0 = Release|Any CPU
		{717CCB0A-F78B-4295-8B57-52BAAE9055E6}.Debug|Any CPU.ActiveCfg = Debug|Any CPU
		{717CCB0A-F78B-4295-8B57-52BAAE9055E6}.Debug|Any CPU.Build.0 = Debug|Any CPU
		{717CCB0A-F78B-4295-8B57-52BAAE9055E6}.Debug|x64.ActiveCfg = Debug|Any CPU
		{717CCB0A-F78B-4295-8B57-52BAAE9055E6}.Debug|x64.Build.0 = Debug|Any CPU
		{717CCB0A-F78B-4295-8B57-52BAAE9055E6}.Debug|x86.ActiveCfg = Debug|Any CPU
		{717CCB0A-F78B-4295-8B57-52BAAE9055E6}.Debug|x86.Build.0 = Debug|Any CPU
		{717CCB0A-F78B-4295-8B57-52BAAE9055E6}.Release|Any CPU.ActiveCfg = Release|Any CPU
		{717CCB0A-F78B-4295-8B57-52BAAE9055E6}.Release|Any CPU.Build.0 = Release|Any CPU
		{717CCB0A-F78B-4295-8B57-52BAAE9055E6}.Release|x64.ActiveCfg = Release|Any CPU
		{717CCB0A-F78B-4295-8B57-52BAAE9055E6}.Release|x64.Build.0 = Release|Any CPU
		{717CCB0A-F78B-4295-8B57-52BAAE9055E6}.Release|x86.ActiveCfg = Release|Any CPU
		{717CCB0A-F78B-4295-8B57-52BAAE9055E6}.Release|x86.Build.0 = Release|Any CPU
		{A30B2455-AB3D-4F8E-A99F-375CAAB47E27}.Debug|Any CPU.ActiveCfg = Debug|Any CPU
		{A30B2455-AB3D-4F8E-A99F-375CAAB47E27}.Debug|Any CPU.Build.0 = Debug|Any CPU
		{A30B2455-AB3D-4F8E-A99F-375CAAB47E27}.Debug|x64.ActiveCfg = Debug|Any CPU
		{A30B2455-AB3D-4F8E-A99F-375CAAB47E27}.Debug|x64.Build.0 = Debug|Any CPU
		{A30B2455-AB3D-4F8E-A99F-375CAAB47E27}.Debug|x86.ActiveCfg = Debug|Any CPU
		{A30B2455-AB3D-4F8E-A99F-375CAAB47E27}.Debug|x86.Build.0 = Debug|Any CPU
		{A30B2455-AB3D-4F8E-A99F-375CAAB47E27}.Release|Any CPU.ActiveCfg = Release|Any CPU
		{A30B2455-AB3D-4F8E-A99F-375CAAB47E27}.Release|Any CPU.Build.0 = Release|Any CPU
		{A30B2455-AB3D-4F8E-A99F-375CAAB47E27}.Release|x64.ActiveCfg = Release|Any CPU
		{A30B2455-AB3D-4F8E-A99F-375CAAB47E27}.Release|x64.Build.0 = Release|Any CPU
		{A30B2455-AB3D-4F8E-A99F-375CAAB47E27}.Release|x86.ActiveCfg = Release|Any CPU
		{A30B2455-AB3D-4F8E-A99F-375CAAB47E27}.Release|x86.Build.0 = Release|Any CPU
		{31CECD33-A510-4D93-95A5-53B25BD6A8B1}.Debug|Any CPU.ActiveCfg = Debug|Any CPU
		{31CECD33-A510-4D93-95A5-53B25BD6A8B1}.Debug|Any CPU.Build.0 = Debug|Any CPU
		{31CECD33-A510-4D93-95A5-53B25BD6A8B1}.Debug|x64.ActiveCfg = Debug|Any CPU
		{31CECD33-A510-4D93-95A5-53B25BD6A8B1}.Debug|x64.Build.0 = Debug|Any CPU
		{31CECD33-A510-4D93-95A5-53B25BD6A8B1}.Debug|x86.ActiveCfg = Debug|Any CPU
		{31CECD33-A510-4D93-95A5-53B25BD6A8B1}.Debug|x86.Build.0 = Debug|Any CPU
		{31CECD33-A510-4D93-95A5-53B25BD6A8B1}.Release|Any CPU.ActiveCfg = Release|Any CPU
		{31CECD33-A510-4D93-95A5-53B25BD6A8B1}.Release|Any CPU.Build.0 = Release|Any CPU
		{31CECD33-A510-4D93-95A5-53B25BD6A8B1}.Release|x64.ActiveCfg = Release|Any CPU
		{31CECD33-A510-4D93-95A5-53B25BD6A8B1}.Release|x64.Build.0 = Release|Any CPU
		{31CECD33-A510-4D93-95A5-53B25BD6A8B1}.Release|x86.ActiveCfg = Release|Any CPU
		{31CECD33-A510-4D93-95A5-53B25BD6A8B1}.Release|x86.Build.0 = Release|Any CPU
		{73438B40-863B-4835-BC61-7033B416D0C0}.Debug|Any CPU.ActiveCfg = Debug|Any CPU
		{73438B40-863B-4835-BC61-7033B416D0C0}.Debug|Any CPU.Build.0 = Debug|Any CPU
		{73438B40-863B-4835-BC61-7033B416D0C0}.Debug|x64.ActiveCfg = Debug|Any CPU
		{73438B40-863B-4835-BC61-7033B416D0C0}.Debug|x64.Build.0 = Debug|Any CPU
		{73438B40-863B-4835-BC61-7033B416D0C0}.Debug|x86.ActiveCfg = Debug|Any CPU
		{73438B40-863B-4835-BC61-7033B416D0C0}.Debug|x86.Build.0 = Debug|Any CPU
		{73438B40-863B-4835-BC61-7033B416D0C0}.Release|Any CPU.ActiveCfg = Release|Any CPU
		{73438B40-863B-4835-BC61-7033B416D0C0}.Release|Any CPU.Build.0 = Release|Any CPU
		{73438B40-863B-4835-BC61-7033B416D0C0}.Release|x64.ActiveCfg = Release|Any CPU
		{73438B40-863B-4835-BC61-7033B416D0C0}.Release|x64.Build.0 = Release|Any CPU
		{73438B40-863B-4835-BC61-7033B416D0C0}.Release|x86.ActiveCfg = Release|Any CPU
		{73438B40-863B-4835-BC61-7033B416D0C0}.Release|x86.Build.0 = Release|Any CPU
		{B99B0061-A0DF-4DCE-85A6-7CBB953A8036}.Debug|Any CPU.ActiveCfg = Debug|Any CPU
		{B99B0061-A0DF-4DCE-85A6-7CBB953A8036}.Debug|Any CPU.Build.0 = Debug|Any CPU
		{B99B0061-A0DF-4DCE-85A6-7CBB953A8036}.Debug|x64.ActiveCfg = Debug|Any CPU
		{B99B0061-A0DF-4DCE-85A6-7CBB953A8036}.Debug|x64.Build.0 = Debug|Any CPU
		{B99B0061-A0DF-4DCE-85A6-7CBB953A8036}.Debug|x86.ActiveCfg = Debug|Any CPU
		{B99B0061-A0DF-4DCE-85A6-7CBB953A8036}.Debug|x86.Build.0 = Debug|Any CPU
		{B99B0061-A0DF-4DCE-85A6-7CBB953A8036}.Release|Any CPU.ActiveCfg = Release|Any CPU
		{B99B0061-A0DF-4DCE-85A6-7CBB953A8036}.Release|Any CPU.Build.0 = Release|Any CPU
		{B99B0061-A0DF-4DCE-85A6-7CBB953A8036}.Release|x64.ActiveCfg = Release|Any CPU
		{B99B0061-A0DF-4DCE-85A6-7CBB953A8036}.Release|x64.Build.0 = Release|Any CPU
		{B99B0061-A0DF-4DCE-85A6-7CBB953A8036}.Release|x86.ActiveCfg = Release|Any CPU
		{B99B0061-A0DF-4DCE-85A6-7CBB953A8036}.Release|x86.Build.0 = Release|Any CPU
		{19FAFE84-83D8-4CF0-814D-F64CDEE7F059}.Debug|Any CPU.ActiveCfg = Debug|Any CPU
		{19FAFE84-83D8-4CF0-814D-F64CDEE7F059}.Debug|Any CPU.Build.0 = Debug|Any CPU
		{19FAFE84-83D8-4CF0-814D-F64CDEE7F059}.Debug|x64.ActiveCfg = Debug|Any CPU
		{19FAFE84-83D8-4CF0-814D-F64CDEE7F059}.Debug|x64.Build.0 = Debug|Any CPU
		{19FAFE84-83D8-4CF0-814D-F64CDEE7F059}.Debug|x86.ActiveCfg = Debug|Any CPU
		{19FAFE84-83D8-4CF0-814D-F64CDEE7F059}.Debug|x86.Build.0 = Debug|Any CPU
		{19FAFE84-83D8-4CF0-814D-F64CDEE7F059}.Release|Any CPU.ActiveCfg = Release|Any CPU
		{19FAFE84-83D8-4CF0-814D-F64CDEE7F059}.Release|Any CPU.Build.0 = Release|Any CPU
		{19FAFE84-83D8-4CF0-814D-F64CDEE7F059}.Release|x64.ActiveCfg = Release|Any CPU
		{19FAFE84-83D8-4CF0-814D-F64CDEE7F059}.Release|x64.Build.0 = Release|Any CPU
		{19FAFE84-83D8-4CF0-814D-F64CDEE7F059}.Release|x86.ActiveCfg = Release|Any CPU
		{19FAFE84-83D8-4CF0-814D-F64CDEE7F059}.Release|x86.Build.0 = Release|Any CPU
		{1C292479-59D9-4511-A83F-F9EDF2C08D98}.Debug|Any CPU.ActiveCfg = Debug|Any CPU
		{1C292479-59D9-4511-A83F-F9EDF2C08D98}.Debug|Any CPU.Build.0 = Debug|Any CPU
		{1C292479-59D9-4511-A83F-F9EDF2C08D98}.Debug|x64.ActiveCfg = Debug|Any CPU
		{1C292479-59D9-4511-A83F-F9EDF2C08D98}.Debug|x64.Build.0 = Debug|Any CPU
		{1C292479-59D9-4511-A83F-F9EDF2C08D98}.Debug|x86.ActiveCfg = Debug|Any CPU
		{1C292479-59D9-4511-A83F-F9EDF2C08D98}.Debug|x86.Build.0 = Debug|Any CPU
		{1C292479-59D9-4511-A83F-F9EDF2C08D98}.Release|Any CPU.ActiveCfg = Release|Any CPU
		{1C292479-59D9-4511-A83F-F9EDF2C08D98}.Release|Any CPU.Build.0 = Release|Any CPU
		{1C292479-59D9-4511-A83F-F9EDF2C08D98}.Release|x64.ActiveCfg = Release|Any CPU
		{1C292479-59D9-4511-A83F-F9EDF2C08D98}.Release|x64.Build.0 = Release|Any CPU
		{1C292479-59D9-4511-A83F-F9EDF2C08D98}.Release|x86.ActiveCfg = Release|Any CPU
		{1C292479-59D9-4511-A83F-F9EDF2C08D98}.Release|x86.Build.0 = Release|Any CPU
		{ABEFBAFB-06EC-4329-ABF5-B5727FEED30A}.Debug|Any CPU.ActiveCfg = Debug|Any CPU
		{ABEFBAFB-06EC-4329-ABF5-B5727FEED30A}.Debug|Any CPU.Build.0 = Debug|Any CPU
		{ABEFBAFB-06EC-4329-ABF5-B5727FEED30A}.Debug|x64.ActiveCfg = Debug|Any CPU
		{ABEFBAFB-06EC-4329-ABF5-B5727FEED30A}.Debug|x64.Build.0 = Debug|Any CPU
		{ABEFBAFB-06EC-4329-ABF5-B5727FEED30A}.Debug|x86.ActiveCfg = Debug|Any CPU
		{ABEFBAFB-06EC-4329-ABF5-B5727FEED30A}.Debug|x86.Build.0 = Debug|Any CPU
		{ABEFBAFB-06EC-4329-ABF5-B5727FEED30A}.Release|Any CPU.ActiveCfg = Release|Any CPU
		{ABEFBAFB-06EC-4329-ABF5-B5727FEED30A}.Release|Any CPU.Build.0 = Release|Any CPU
		{ABEFBAFB-06EC-4329-ABF5-B5727FEED30A}.Release|x64.ActiveCfg = Release|Any CPU
		{ABEFBAFB-06EC-4329-ABF5-B5727FEED30A}.Release|x64.Build.0 = Release|Any CPU
		{ABEFBAFB-06EC-4329-ABF5-B5727FEED30A}.Release|x86.ActiveCfg = Release|Any CPU
		{ABEFBAFB-06EC-4329-ABF5-B5727FEED30A}.Release|x86.Build.0 = Release|Any CPU
		{39A9282E-05C2-48F5-B723-0EEEDE232D71}.Debug|Any CPU.ActiveCfg = Debug|Any CPU
		{39A9282E-05C2-48F5-B723-0EEEDE232D71}.Debug|Any CPU.Build.0 = Debug|Any CPU
		{39A9282E-05C2-48F5-B723-0EEEDE232D71}.Debug|x64.ActiveCfg = Debug|Any CPU
		{39A9282E-05C2-48F5-B723-0EEEDE232D71}.Debug|x64.Build.0 = Debug|Any CPU
		{39A9282E-05C2-48F5-B723-0EEEDE232D71}.Debug|x86.ActiveCfg = Debug|Any CPU
		{39A9282E-05C2-48F5-B723-0EEEDE232D71}.Debug|x86.Build.0 = Debug|Any CPU
		{39A9282E-05C2-48F5-B723-0EEEDE232D71}.Release|Any CPU.ActiveCfg = Release|Any CPU
		{39A9282E-05C2-48F5-B723-0EEEDE232D71}.Release|Any CPU.Build.0 = Release|Any CPU
		{39A9282E-05C2-48F5-B723-0EEEDE232D71}.Release|x64.ActiveCfg = Release|Any CPU
		{39A9282E-05C2-48F5-B723-0EEEDE232D71}.Release|x64.Build.0 = Release|Any CPU
		{39A9282E-05C2-48F5-B723-0EEEDE232D71}.Release|x86.ActiveCfg = Release|Any CPU
		{39A9282E-05C2-48F5-B723-0EEEDE232D71}.Release|x86.Build.0 = Release|Any CPU
		{28992BD9-364A-4DDC-8A31-9F0563EA117A}.Debug|Any CPU.ActiveCfg = Debug|Any CPU
		{28992BD9-364A-4DDC-8A31-9F0563EA117A}.Debug|Any CPU.Build.0 = Debug|Any CPU
		{28992BD9-364A-4DDC-8A31-9F0563EA117A}.Debug|x64.ActiveCfg = Debug|Any CPU
		{28992BD9-364A-4DDC-8A31-9F0563EA117A}.Debug|x64.Build.0 = Debug|Any CPU
		{28992BD9-364A-4DDC-8A31-9F0563EA117A}.Debug|x86.ActiveCfg = Debug|Any CPU
		{28992BD9-364A-4DDC-8A31-9F0563EA117A}.Debug|x86.Build.0 = Debug|Any CPU
		{28992BD9-364A-4DDC-8A31-9F0563EA117A}.Release|Any CPU.ActiveCfg = Release|Any CPU
		{28992BD9-364A-4DDC-8A31-9F0563EA117A}.Release|Any CPU.Build.0 = Release|Any CPU
		{28992BD9-364A-4DDC-8A31-9F0563EA117A}.Release|x64.ActiveCfg = Release|Any CPU
		{28992BD9-364A-4DDC-8A31-9F0563EA117A}.Release|x64.Build.0 = Release|Any CPU
		{28992BD9-364A-4DDC-8A31-9F0563EA117A}.Release|x86.ActiveCfg = Release|Any CPU
		{28992BD9-364A-4DDC-8A31-9F0563EA117A}.Release|x86.Build.0 = Release|Any CPU
		{A2CEE3C9-50D5-44AC-BDD5-E5379B6B4D38}.Debug|Any CPU.ActiveCfg = Debug|Any CPU
		{A2CEE3C9-50D5-44AC-BDD5-E5379B6B4D38}.Debug|Any CPU.Build.0 = Debug|Any CPU
		{A2CEE3C9-50D5-44AC-BDD5-E5379B6B4D38}.Debug|x64.ActiveCfg = Debug|Any CPU
		{A2CEE3C9-50D5-44AC-BDD5-E5379B6B4D38}.Debug|x64.Build.0 = Debug|Any CPU
		{A2CEE3C9-50D5-44AC-BDD5-E5379B6B4D38}.Debug|x86.ActiveCfg = Debug|Any CPU
		{A2CEE3C9-50D5-44AC-BDD5-E5379B6B4D38}.Debug|x86.Build.0 = Debug|Any CPU
		{A2CEE3C9-50D5-44AC-BDD5-E5379B6B4D38}.Release|Any CPU.ActiveCfg = Release|Any CPU
		{A2CEE3C9-50D5-44AC-BDD5-E5379B6B4D38}.Release|Any CPU.Build.0 = Release|Any CPU
		{A2CEE3C9-50D5-44AC-BDD5-E5379B6B4D38}.Release|x64.ActiveCfg = Release|Any CPU
		{A2CEE3C9-50D5-44AC-BDD5-E5379B6B4D38}.Release|x64.Build.0 = Release|Any CPU
		{A2CEE3C9-50D5-44AC-BDD5-E5379B6B4D38}.Release|x86.ActiveCfg = Release|Any CPU
		{A2CEE3C9-50D5-44AC-BDD5-E5379B6B4D38}.Release|x86.Build.0 = Release|Any CPU
		{A126020B-FA66-4C83-9336-0AAB99414B3C}.Debug|Any CPU.ActiveCfg = Debug|Any CPU
		{A126020B-FA66-4C83-9336-0AAB99414B3C}.Debug|Any CPU.Build.0 = Debug|Any CPU
		{A126020B-FA66-4C83-9336-0AAB99414B3C}.Debug|x64.ActiveCfg = Debug|Any CPU
		{A126020B-FA66-4C83-9336-0AAB99414B3C}.Debug|x64.Build.0 = Debug|Any CPU
		{A126020B-FA66-4C83-9336-0AAB99414B3C}.Debug|x86.ActiveCfg = Debug|Any CPU
		{A126020B-FA66-4C83-9336-0AAB99414B3C}.Debug|x86.Build.0 = Debug|Any CPU
		{A126020B-FA66-4C83-9336-0AAB99414B3C}.Release|Any CPU.ActiveCfg = Release|Any CPU
		{A126020B-FA66-4C83-9336-0AAB99414B3C}.Release|Any CPU.Build.0 = Release|Any CPU
		{A126020B-FA66-4C83-9336-0AAB99414B3C}.Release|x64.ActiveCfg = Release|Any CPU
		{A126020B-FA66-4C83-9336-0AAB99414B3C}.Release|x64.Build.0 = Release|Any CPU
		{A126020B-FA66-4C83-9336-0AAB99414B3C}.Release|x86.ActiveCfg = Release|Any CPU
		{A126020B-FA66-4C83-9336-0AAB99414B3C}.Release|x86.Build.0 = Release|Any CPU
		{1A48A3A0-0A70-4645-A6E5-77FA333840B6}.Debug|Any CPU.ActiveCfg = Debug|Any CPU
		{1A48A3A0-0A70-4645-A6E5-77FA333840B6}.Debug|Any CPU.Build.0 = Debug|Any CPU
		{1A48A3A0-0A70-4645-A6E5-77FA333840B6}.Debug|x64.ActiveCfg = Debug|Any CPU
		{1A48A3A0-0A70-4645-A6E5-77FA333840B6}.Debug|x64.Build.0 = Debug|Any CPU
		{1A48A3A0-0A70-4645-A6E5-77FA333840B6}.Debug|x86.ActiveCfg = Debug|Any CPU
		{1A48A3A0-0A70-4645-A6E5-77FA333840B6}.Debug|x86.Build.0 = Debug|Any CPU
		{1A48A3A0-0A70-4645-A6E5-77FA333840B6}.Release|Any CPU.ActiveCfg = Release|Any CPU
		{1A48A3A0-0A70-4645-A6E5-77FA333840B6}.Release|Any CPU.Build.0 = Release|Any CPU
		{1A48A3A0-0A70-4645-A6E5-77FA333840B6}.Release|x64.ActiveCfg = Release|Any CPU
		{1A48A3A0-0A70-4645-A6E5-77FA333840B6}.Release|x64.Build.0 = Release|Any CPU
		{1A48A3A0-0A70-4645-A6E5-77FA333840B6}.Release|x86.ActiveCfg = Release|Any CPU
		{1A48A3A0-0A70-4645-A6E5-77FA333840B6}.Release|x86.Build.0 = Release|Any CPU
		{6CC77190-17BC-4FE0-B462-FD30786C4D1B}.Debug|Any CPU.ActiveCfg = Debug|Any CPU
		{6CC77190-17BC-4FE0-B462-FD30786C4D1B}.Debug|Any CPU.Build.0 = Debug|Any CPU
		{6CC77190-17BC-4FE0-B462-FD30786C4D1B}.Debug|x64.ActiveCfg = Debug|Any CPU
		{6CC77190-17BC-4FE0-B462-FD30786C4D1B}.Debug|x64.Build.0 = Debug|Any CPU
		{6CC77190-17BC-4FE0-B462-FD30786C4D1B}.Debug|x86.ActiveCfg = Debug|Any CPU
		{6CC77190-17BC-4FE0-B462-FD30786C4D1B}.Debug|x86.Build.0 = Debug|Any CPU
		{6CC77190-17BC-4FE0-B462-FD30786C4D1B}.Release|Any CPU.ActiveCfg = Release|Any CPU
		{6CC77190-17BC-4FE0-B462-FD30786C4D1B}.Release|Any CPU.Build.0 = Release|Any CPU
		{6CC77190-17BC-4FE0-B462-FD30786C4D1B}.Release|x64.ActiveCfg = Release|Any CPU
		{6CC77190-17BC-4FE0-B462-FD30786C4D1B}.Release|x64.Build.0 = Release|Any CPU
		{6CC77190-17BC-4FE0-B462-FD30786C4D1B}.Release|x86.ActiveCfg = Release|Any CPU
		{6CC77190-17BC-4FE0-B462-FD30786C4D1B}.Release|x86.Build.0 = Release|Any CPU
		{BE6B4EAC-5125-498F-83C8-36DD2F217A47}.Debug|Any CPU.ActiveCfg = Debug|Any CPU
		{BE6B4EAC-5125-498F-83C8-36DD2F217A47}.Debug|Any CPU.Build.0 = Debug|Any CPU
		{BE6B4EAC-5125-498F-83C8-36DD2F217A47}.Debug|x64.ActiveCfg = Debug|Any CPU
		{BE6B4EAC-5125-498F-83C8-36DD2F217A47}.Debug|x64.Build.0 = Debug|Any CPU
		{BE6B4EAC-5125-498F-83C8-36DD2F217A47}.Debug|x86.ActiveCfg = Debug|Any CPU
		{BE6B4EAC-5125-498F-83C8-36DD2F217A47}.Debug|x86.Build.0 = Debug|Any CPU
		{BE6B4EAC-5125-498F-83C8-36DD2F217A47}.Release|Any CPU.ActiveCfg = Release|Any CPU
		{BE6B4EAC-5125-498F-83C8-36DD2F217A47}.Release|Any CPU.Build.0 = Release|Any CPU
		{BE6B4EAC-5125-498F-83C8-36DD2F217A47}.Release|x64.ActiveCfg = Release|Any CPU
		{BE6B4EAC-5125-498F-83C8-36DD2F217A47}.Release|x64.Build.0 = Release|Any CPU
		{BE6B4EAC-5125-498F-83C8-36DD2F217A47}.Release|x86.ActiveCfg = Release|Any CPU
		{BE6B4EAC-5125-498F-83C8-36DD2F217A47}.Release|x86.Build.0 = Release|Any CPU
		{A6BEFE12-63D9-4176-8226-D88CFB659B54}.Debug|Any CPU.ActiveCfg = Debug|Any CPU
		{A6BEFE12-63D9-4176-8226-D88CFB659B54}.Debug|Any CPU.Build.0 = Debug|Any CPU
		{A6BEFE12-63D9-4176-8226-D88CFB659B54}.Debug|x64.ActiveCfg = Debug|Any CPU
		{A6BEFE12-63D9-4176-8226-D88CFB659B54}.Debug|x64.Build.0 = Debug|Any CPU
		{A6BEFE12-63D9-4176-8226-D88CFB659B54}.Debug|x86.ActiveCfg = Debug|Any CPU
		{A6BEFE12-63D9-4176-8226-D88CFB659B54}.Debug|x86.Build.0 = Debug|Any CPU
		{A6BEFE12-63D9-4176-8226-D88CFB659B54}.Release|Any CPU.ActiveCfg = Release|Any CPU
		{A6BEFE12-63D9-4176-8226-D88CFB659B54}.Release|Any CPU.Build.0 = Release|Any CPU
		{A6BEFE12-63D9-4176-8226-D88CFB659B54}.Release|x64.ActiveCfg = Release|Any CPU
		{A6BEFE12-63D9-4176-8226-D88CFB659B54}.Release|x64.Build.0 = Release|Any CPU
		{A6BEFE12-63D9-4176-8226-D88CFB659B54}.Release|x86.ActiveCfg = Release|Any CPU
		{A6BEFE12-63D9-4176-8226-D88CFB659B54}.Release|x86.Build.0 = Release|Any CPU
		{D3DDF720-9FD5-49E7-9F7D-BA55FF25F5BD}.Debug|Any CPU.ActiveCfg = Debug|Any CPU
		{D3DDF720-9FD5-49E7-9F7D-BA55FF25F5BD}.Debug|Any CPU.Build.0 = Debug|Any CPU
		{D3DDF720-9FD5-49E7-9F7D-BA55FF25F5BD}.Debug|x64.ActiveCfg = Debug|Any CPU
		{D3DDF720-9FD5-49E7-9F7D-BA55FF25F5BD}.Debug|x64.Build.0 = Debug|Any CPU
		{D3DDF720-9FD5-49E7-9F7D-BA55FF25F5BD}.Debug|x86.ActiveCfg = Debug|Any CPU
		{D3DDF720-9FD5-49E7-9F7D-BA55FF25F5BD}.Debug|x86.Build.0 = Debug|Any CPU
		{D3DDF720-9FD5-49E7-9F7D-BA55FF25F5BD}.Release|Any CPU.ActiveCfg = Release|Any CPU
		{D3DDF720-9FD5-49E7-9F7D-BA55FF25F5BD}.Release|Any CPU.Build.0 = Release|Any CPU
		{D3DDF720-9FD5-49E7-9F7D-BA55FF25F5BD}.Release|x64.ActiveCfg = Release|Any CPU
		{D3DDF720-9FD5-49E7-9F7D-BA55FF25F5BD}.Release|x64.Build.0 = Release|Any CPU
		{D3DDF720-9FD5-49E7-9F7D-BA55FF25F5BD}.Release|x86.ActiveCfg = Release|Any CPU
		{D3DDF720-9FD5-49E7-9F7D-BA55FF25F5BD}.Release|x86.Build.0 = Release|Any CPU
		{6CB40B96-EAB1-4938-93E5-A06DFD97C600}.Debug|Any CPU.ActiveCfg = Debug|Any CPU
		{6CB40B96-EAB1-4938-93E5-A06DFD97C600}.Debug|Any CPU.Build.0 = Debug|Any CPU
		{6CB40B96-EAB1-4938-93E5-A06DFD97C600}.Debug|x64.ActiveCfg = Debug|Any CPU
		{6CB40B96-EAB1-4938-93E5-A06DFD97C600}.Debug|x64.Build.0 = Debug|Any CPU
		{6CB40B96-EAB1-4938-93E5-A06DFD97C600}.Debug|x86.ActiveCfg = Debug|Any CPU
		{6CB40B96-EAB1-4938-93E5-A06DFD97C600}.Debug|x86.Build.0 = Debug|Any CPU
		{6CB40B96-EAB1-4938-93E5-A06DFD97C600}.Release|Any CPU.ActiveCfg = Release|Any CPU
		{6CB40B96-EAB1-4938-93E5-A06DFD97C600}.Release|Any CPU.Build.0 = Release|Any CPU
		{6CB40B96-EAB1-4938-93E5-A06DFD97C600}.Release|x64.ActiveCfg = Release|Any CPU
		{6CB40B96-EAB1-4938-93E5-A06DFD97C600}.Release|x64.Build.0 = Release|Any CPU
		{6CB40B96-EAB1-4938-93E5-A06DFD97C600}.Release|x86.ActiveCfg = Release|Any CPU
		{6CB40B96-EAB1-4938-93E5-A06DFD97C600}.Release|x86.Build.0 = Release|Any CPU
		{0A81669E-711B-4BD6-9569-6D086787E2D6}.Debug|Any CPU.ActiveCfg = Debug|Any CPU
		{0A81669E-711B-4BD6-9569-6D086787E2D6}.Debug|Any CPU.Build.0 = Debug|Any CPU
		{0A81669E-711B-4BD6-9569-6D086787E2D6}.Debug|x64.ActiveCfg = Debug|Any CPU
		{0A81669E-711B-4BD6-9569-6D086787E2D6}.Debug|x64.Build.0 = Debug|Any CPU
		{0A81669E-711B-4BD6-9569-6D086787E2D6}.Debug|x86.ActiveCfg = Debug|Any CPU
		{0A81669E-711B-4BD6-9569-6D086787E2D6}.Debug|x86.Build.0 = Debug|Any CPU
		{0A81669E-711B-4BD6-9569-6D086787E2D6}.Release|Any CPU.ActiveCfg = Release|Any CPU
		{0A81669E-711B-4BD6-9569-6D086787E2D6}.Release|Any CPU.Build.0 = Release|Any CPU
		{0A81669E-711B-4BD6-9569-6D086787E2D6}.Release|x64.ActiveCfg = Release|Any CPU
		{0A81669E-711B-4BD6-9569-6D086787E2D6}.Release|x64.Build.0 = Release|Any CPU
		{0A81669E-711B-4BD6-9569-6D086787E2D6}.Release|x86.ActiveCfg = Release|Any CPU
		{0A81669E-711B-4BD6-9569-6D086787E2D6}.Release|x86.Build.0 = Release|Any CPU
		{AA2C9388-67E1-44DA-B391-792672F092CF}.Debug|Any CPU.ActiveCfg = Debug|Any CPU
		{AA2C9388-67E1-44DA-B391-792672F092CF}.Debug|Any CPU.Build.0 = Debug|Any CPU
		{AA2C9388-67E1-44DA-B391-792672F092CF}.Debug|x64.ActiveCfg = Debug|Any CPU
		{AA2C9388-67E1-44DA-B391-792672F092CF}.Debug|x64.Build.0 = Debug|Any CPU
		{AA2C9388-67E1-44DA-B391-792672F092CF}.Debug|x86.ActiveCfg = Debug|Any CPU
		{AA2C9388-67E1-44DA-B391-792672F092CF}.Debug|x86.Build.0 = Debug|Any CPU
		{AA2C9388-67E1-44DA-B391-792672F092CF}.Release|Any CPU.ActiveCfg = Release|Any CPU
		{AA2C9388-67E1-44DA-B391-792672F092CF}.Release|Any CPU.Build.0 = Release|Any CPU
		{AA2C9388-67E1-44DA-B391-792672F092CF}.Release|x64.ActiveCfg = Release|Any CPU
		{AA2C9388-67E1-44DA-B391-792672F092CF}.Release|x64.Build.0 = Release|Any CPU
		{AA2C9388-67E1-44DA-B391-792672F092CF}.Release|x86.ActiveCfg = Release|Any CPU
		{AA2C9388-67E1-44DA-B391-792672F092CF}.Release|x86.Build.0 = Release|Any CPU
		{ECA11860-3264-4340-83FA-966CD8756657}.Debug|Any CPU.ActiveCfg = Debug|Any CPU
		{ECA11860-3264-4340-83FA-966CD8756657}.Debug|Any CPU.Build.0 = Debug|Any CPU
		{ECA11860-3264-4340-83FA-966CD8756657}.Debug|x64.ActiveCfg = Debug|Any CPU
		{ECA11860-3264-4340-83FA-966CD8756657}.Debug|x64.Build.0 = Debug|Any CPU
		{ECA11860-3264-4340-83FA-966CD8756657}.Debug|x86.ActiveCfg = Debug|Any CPU
		{ECA11860-3264-4340-83FA-966CD8756657}.Debug|x86.Build.0 = Debug|Any CPU
		{ECA11860-3264-4340-83FA-966CD8756657}.Release|Any CPU.ActiveCfg = Release|Any CPU
		{ECA11860-3264-4340-83FA-966CD8756657}.Release|Any CPU.Build.0 = Release|Any CPU
		{ECA11860-3264-4340-83FA-966CD8756657}.Release|x64.ActiveCfg = Release|Any CPU
		{ECA11860-3264-4340-83FA-966CD8756657}.Release|x64.Build.0 = Release|Any CPU
		{ECA11860-3264-4340-83FA-966CD8756657}.Release|x86.ActiveCfg = Release|Any CPU
		{ECA11860-3264-4340-83FA-966CD8756657}.Release|x86.Build.0 = Release|Any CPU
		{E388BEB7-6E75-4B06-819C-7818685B9E28}.Debug|Any CPU.ActiveCfg = Debug|Any CPU
		{E388BEB7-6E75-4B06-819C-7818685B9E28}.Debug|Any CPU.Build.0 = Debug|Any CPU
		{E388BEB7-6E75-4B06-819C-7818685B9E28}.Debug|x64.ActiveCfg = Debug|Any CPU
		{E388BEB7-6E75-4B06-819C-7818685B9E28}.Debug|x64.Build.0 = Debug|Any CPU
		{E388BEB7-6E75-4B06-819C-7818685B9E28}.Debug|x86.ActiveCfg = Debug|Any CPU
		{E388BEB7-6E75-4B06-819C-7818685B9E28}.Debug|x86.Build.0 = Debug|Any CPU
		{E388BEB7-6E75-4B06-819C-7818685B9E28}.Release|Any CPU.ActiveCfg = Release|Any CPU
		{E388BEB7-6E75-4B06-819C-7818685B9E28}.Release|Any CPU.Build.0 = Release|Any CPU
		{E388BEB7-6E75-4B06-819C-7818685B9E28}.Release|x64.ActiveCfg = Release|Any CPU
		{E388BEB7-6E75-4B06-819C-7818685B9E28}.Release|x64.Build.0 = Release|Any CPU
		{E388BEB7-6E75-4B06-819C-7818685B9E28}.Release|x86.ActiveCfg = Release|Any CPU
		{E388BEB7-6E75-4B06-819C-7818685B9E28}.Release|x86.Build.0 = Release|Any CPU
		{3F18B9E1-FCAB-4332-9B40-BDFF37F49F75}.Debug|Any CPU.ActiveCfg = Debug|Any CPU
		{3F18B9E1-FCAB-4332-9B40-BDFF37F49F75}.Debug|Any CPU.Build.0 = Debug|Any CPU
		{3F18B9E1-FCAB-4332-9B40-BDFF37F49F75}.Debug|x64.ActiveCfg = Debug|Any CPU
		{3F18B9E1-FCAB-4332-9B40-BDFF37F49F75}.Debug|x64.Build.0 = Debug|Any CPU
		{3F18B9E1-FCAB-4332-9B40-BDFF37F49F75}.Debug|x86.ActiveCfg = Debug|Any CPU
		{3F18B9E1-FCAB-4332-9B40-BDFF37F49F75}.Debug|x86.Build.0 = Debug|Any CPU
		{3F18B9E1-FCAB-4332-9B40-BDFF37F49F75}.Release|Any CPU.ActiveCfg = Release|Any CPU
		{3F18B9E1-FCAB-4332-9B40-BDFF37F49F75}.Release|Any CPU.Build.0 = Release|Any CPU
		{3F18B9E1-FCAB-4332-9B40-BDFF37F49F75}.Release|x64.ActiveCfg = Release|Any CPU
		{3F18B9E1-FCAB-4332-9B40-BDFF37F49F75}.Release|x64.Build.0 = Release|Any CPU
		{3F18B9E1-FCAB-4332-9B40-BDFF37F49F75}.Release|x86.ActiveCfg = Release|Any CPU
		{3F18B9E1-FCAB-4332-9B40-BDFF37F49F75}.Release|x86.Build.0 = Release|Any CPU
		{621E7F28-287B-4B9C-9799-431D81759A86}.Debug|Any CPU.ActiveCfg = Debug|Any CPU
		{621E7F28-287B-4B9C-9799-431D81759A86}.Debug|Any CPU.Build.0 = Debug|Any CPU
		{621E7F28-287B-4B9C-9799-431D81759A86}.Debug|x64.ActiveCfg = Debug|Any CPU
		{621E7F28-287B-4B9C-9799-431D81759A86}.Debug|x64.Build.0 = Debug|Any CPU
		{621E7F28-287B-4B9C-9799-431D81759A86}.Debug|x86.ActiveCfg = Debug|Any CPU
		{621E7F28-287B-4B9C-9799-431D81759A86}.Debug|x86.Build.0 = Debug|Any CPU
		{621E7F28-287B-4B9C-9799-431D81759A86}.Release|Any CPU.ActiveCfg = Release|Any CPU
		{621E7F28-287B-4B9C-9799-431D81759A86}.Release|Any CPU.Build.0 = Release|Any CPU
		{621E7F28-287B-4B9C-9799-431D81759A86}.Release|x64.ActiveCfg = Release|Any CPU
		{621E7F28-287B-4B9C-9799-431D81759A86}.Release|x64.Build.0 = Release|Any CPU
		{621E7F28-287B-4B9C-9799-431D81759A86}.Release|x86.ActiveCfg = Release|Any CPU
		{621E7F28-287B-4B9C-9799-431D81759A86}.Release|x86.Build.0 = Release|Any CPU
		{878BB918-3ECD-40E6-A1E3-67302FF7D334}.Debug|Any CPU.ActiveCfg = Debug|Any CPU
		{878BB918-3ECD-40E6-A1E3-67302FF7D334}.Debug|Any CPU.Build.0 = Debug|Any CPU
		{878BB918-3ECD-40E6-A1E3-67302FF7D334}.Debug|x64.ActiveCfg = Debug|Any CPU
		{878BB918-3ECD-40E6-A1E3-67302FF7D334}.Debug|x64.Build.0 = Debug|Any CPU
		{878BB918-3ECD-40E6-A1E3-67302FF7D334}.Debug|x86.ActiveCfg = Debug|Any CPU
		{878BB918-3ECD-40E6-A1E3-67302FF7D334}.Debug|x86.Build.0 = Debug|Any CPU
		{878BB918-3ECD-40E6-A1E3-67302FF7D334}.Release|Any CPU.ActiveCfg = Release|Any CPU
		{878BB918-3ECD-40E6-A1E3-67302FF7D334}.Release|Any CPU.Build.0 = Release|Any CPU
		{878BB918-3ECD-40E6-A1E3-67302FF7D334}.Release|x64.ActiveCfg = Release|Any CPU
		{878BB918-3ECD-40E6-A1E3-67302FF7D334}.Release|x64.Build.0 = Release|Any CPU
		{878BB918-3ECD-40E6-A1E3-67302FF7D334}.Release|x86.ActiveCfg = Release|Any CPU
		{878BB918-3ECD-40E6-A1E3-67302FF7D334}.Release|x86.Build.0 = Release|Any CPU
		{9FD0FC3A-1245-4793-A0E4-F66264210CC1}.Debug|Any CPU.ActiveCfg = Debug|Any CPU
		{9FD0FC3A-1245-4793-A0E4-F66264210CC1}.Debug|Any CPU.Build.0 = Debug|Any CPU
		{9FD0FC3A-1245-4793-A0E4-F66264210CC1}.Debug|x64.ActiveCfg = Debug|Any CPU
		{9FD0FC3A-1245-4793-A0E4-F66264210CC1}.Debug|x64.Build.0 = Debug|Any CPU
		{9FD0FC3A-1245-4793-A0E4-F66264210CC1}.Debug|x86.ActiveCfg = Debug|Any CPU
		{9FD0FC3A-1245-4793-A0E4-F66264210CC1}.Debug|x86.Build.0 = Debug|Any CPU
		{9FD0FC3A-1245-4793-A0E4-F66264210CC1}.Release|Any CPU.ActiveCfg = Release|Any CPU
		{9FD0FC3A-1245-4793-A0E4-F66264210CC1}.Release|Any CPU.Build.0 = Release|Any CPU
		{9FD0FC3A-1245-4793-A0E4-F66264210CC1}.Release|x64.ActiveCfg = Release|Any CPU
		{9FD0FC3A-1245-4793-A0E4-F66264210CC1}.Release|x64.Build.0 = Release|Any CPU
		{9FD0FC3A-1245-4793-A0E4-F66264210CC1}.Release|x86.ActiveCfg = Release|Any CPU
		{9FD0FC3A-1245-4793-A0E4-F66264210CC1}.Release|x86.Build.0 = Release|Any CPU
		{27DB0E87-44A2-45CC-9D5F-A92B826EF820}.Debug|Any CPU.ActiveCfg = Debug|Any CPU
		{27DB0E87-44A2-45CC-9D5F-A92B826EF820}.Debug|Any CPU.Build.0 = Debug|Any CPU
		{27DB0E87-44A2-45CC-9D5F-A92B826EF820}.Debug|x64.ActiveCfg = Debug|Any CPU
		{27DB0E87-44A2-45CC-9D5F-A92B826EF820}.Debug|x64.Build.0 = Debug|Any CPU
		{27DB0E87-44A2-45CC-9D5F-A92B826EF820}.Debug|x86.ActiveCfg = Debug|Any CPU
		{27DB0E87-44A2-45CC-9D5F-A92B826EF820}.Debug|x86.Build.0 = Debug|Any CPU
		{27DB0E87-44A2-45CC-9D5F-A92B826EF820}.Release|Any CPU.ActiveCfg = Release|Any CPU
		{27DB0E87-44A2-45CC-9D5F-A92B826EF820}.Release|Any CPU.Build.0 = Release|Any CPU
		{27DB0E87-44A2-45CC-9D5F-A92B826EF820}.Release|x64.ActiveCfg = Release|Any CPU
		{27DB0E87-44A2-45CC-9D5F-A92B826EF820}.Release|x64.Build.0 = Release|Any CPU
		{27DB0E87-44A2-45CC-9D5F-A92B826EF820}.Release|x86.ActiveCfg = Release|Any CPU
		{27DB0E87-44A2-45CC-9D5F-A92B826EF820}.Release|x86.Build.0 = Release|Any CPU
		{3B71D309-624B-4A8D-878C-6BBBE5919149}.Debug|Any CPU.ActiveCfg = Debug|Any CPU
		{3B71D309-624B-4A8D-878C-6BBBE5919149}.Debug|Any CPU.Build.0 = Debug|Any CPU
		{3B71D309-624B-4A8D-878C-6BBBE5919149}.Debug|x64.ActiveCfg = Debug|Any CPU
		{3B71D309-624B-4A8D-878C-6BBBE5919149}.Debug|x64.Build.0 = Debug|Any CPU
		{3B71D309-624B-4A8D-878C-6BBBE5919149}.Debug|x86.ActiveCfg = Debug|Any CPU
		{3B71D309-624B-4A8D-878C-6BBBE5919149}.Debug|x86.Build.0 = Debug|Any CPU
		{3B71D309-624B-4A8D-878C-6BBBE5919149}.Release|Any CPU.ActiveCfg = Release|Any CPU
		{3B71D309-624B-4A8D-878C-6BBBE5919149}.Release|Any CPU.Build.0 = Release|Any CPU
		{3B71D309-624B-4A8D-878C-6BBBE5919149}.Release|x64.ActiveCfg = Release|Any CPU
		{3B71D309-624B-4A8D-878C-6BBBE5919149}.Release|x64.Build.0 = Release|Any CPU
		{3B71D309-624B-4A8D-878C-6BBBE5919149}.Release|x86.ActiveCfg = Release|Any CPU
		{3B71D309-624B-4A8D-878C-6BBBE5919149}.Release|x86.Build.0 = Release|Any CPU
		{00119BB3-5237-458A-8A9D-EB3CBCC7BA1D}.Debug|Any CPU.ActiveCfg = Debug|Any CPU
		{00119BB3-5237-458A-8A9D-EB3CBCC7BA1D}.Debug|Any CPU.Build.0 = Debug|Any CPU
		{00119BB3-5237-458A-8A9D-EB3CBCC7BA1D}.Debug|x64.ActiveCfg = Debug|Any CPU
		{00119BB3-5237-458A-8A9D-EB3CBCC7BA1D}.Debug|x64.Build.0 = Debug|Any CPU
		{00119BB3-5237-458A-8A9D-EB3CBCC7BA1D}.Debug|x86.ActiveCfg = Debug|Any CPU
		{00119BB3-5237-458A-8A9D-EB3CBCC7BA1D}.Debug|x86.Build.0 = Debug|Any CPU
		{00119BB3-5237-458A-8A9D-EB3CBCC7BA1D}.Release|Any CPU.ActiveCfg = Release|Any CPU
		{00119BB3-5237-458A-8A9D-EB3CBCC7BA1D}.Release|Any CPU.Build.0 = Release|Any CPU
		{00119BB3-5237-458A-8A9D-EB3CBCC7BA1D}.Release|x64.ActiveCfg = Release|Any CPU
		{00119BB3-5237-458A-8A9D-EB3CBCC7BA1D}.Release|x64.Build.0 = Release|Any CPU
		{00119BB3-5237-458A-8A9D-EB3CBCC7BA1D}.Release|x86.ActiveCfg = Release|Any CPU
		{00119BB3-5237-458A-8A9D-EB3CBCC7BA1D}.Release|x86.Build.0 = Release|Any CPU
		{2FA1A8EB-2DB7-4D07-886F-CAF490E35629}.Debug|Any CPU.ActiveCfg = Debug|Any CPU
		{2FA1A8EB-2DB7-4D07-886F-CAF490E35629}.Debug|Any CPU.Build.0 = Debug|Any CPU
		{2FA1A8EB-2DB7-4D07-886F-CAF490E35629}.Debug|x64.ActiveCfg = Debug|Any CPU
		{2FA1A8EB-2DB7-4D07-886F-CAF490E35629}.Debug|x64.Build.0 = Debug|Any CPU
		{2FA1A8EB-2DB7-4D07-886F-CAF490E35629}.Debug|x86.ActiveCfg = Debug|Any CPU
		{2FA1A8EB-2DB7-4D07-886F-CAF490E35629}.Debug|x86.Build.0 = Debug|Any CPU
		{2FA1A8EB-2DB7-4D07-886F-CAF490E35629}.Release|Any CPU.ActiveCfg = Release|Any CPU
		{2FA1A8EB-2DB7-4D07-886F-CAF490E35629}.Release|Any CPU.Build.0 = Release|Any CPU
		{2FA1A8EB-2DB7-4D07-886F-CAF490E35629}.Release|x64.ActiveCfg = Release|Any CPU
		{2FA1A8EB-2DB7-4D07-886F-CAF490E35629}.Release|x64.Build.0 = Release|Any CPU
		{2FA1A8EB-2DB7-4D07-886F-CAF490E35629}.Release|x86.ActiveCfg = Release|Any CPU
		{2FA1A8EB-2DB7-4D07-886F-CAF490E35629}.Release|x86.Build.0 = Release|Any CPU
	EndGlobalSection
	GlobalSection(SolutionProperties) = preSolution
		HideSolutionNode = FALSE
	EndGlobalSection
	GlobalSection(ExtensibilityGlobals) = postSolution
		SolutionGuid = {5600205B-BB05-43C5-B58C-F1D06628E4C5}
	EndGlobalSection
EndGlobal
