
Microsoft Visual Studio Solution File, Format Version 12.00
# Visual Studio Version 16
VisualStudioVersion = 16.0.30114.105
MinimumVisualStudioVersion = 10.0.40219.1
Project("{FAE04EC0-301F-11D3-BF4B-00C04F79EFBC}") = "R5T.F0020", "R5T.F0020\R5T.F0020.csproj", "{68C17D72-440E-49B3-9D3E-52F970ED4225}"
EndProject
Project("{2150E333-8FDC-42A3-9474-1A3956D46DE8}") = "_Dependencies", "_Dependencies", "{991992A2-6584-4C52-9C40-D9D1A11DB456}"
EndProject
Project("{9A19103F-16F7-4668-BE54-9A1E7A4F7556}") = "R5T.F0040.F000", "..\..\R5T.F0040\source\R5T.F0040.F000\R5T.F0040.F000.csproj", "{B950767E-C7B4-4504-9CAC-045DDB4A0829}"
EndProject
Project("{9A19103F-16F7-4668-BE54-9A1E7A4F7556}") = "R5T.L0066", "..\..\R5T.L0066\source\R5T.L0066\R5T.L0066.csproj", "{6122BD2A-7AB2-4690-BC93-977D7FEEFE00}"
EndProject
Project("{9A19103F-16F7-4668-BE54-9A1E7A4F7556}") = "R5T.L0089.F000", "..\..\R5T.L0089\source\R5T.L0089.F000\R5T.L0089.F000.csproj", "{64A17852-06C5-4C56-ACB8-08C9BC325BB8}"
EndProject
Project("{9A19103F-16F7-4668-BE54-9A1E7A4F7556}") = "R5T.L0089.T000", "..\..\R5T.L0089\source\R5T.L0089.T000\R5T.L0089.T000.csproj", "{4CD1C6F9-A940-4A80-8A2C-FE42B9B2DC60}"
EndProject
Project("{9A19103F-16F7-4668-BE54-9A1E7A4F7556}") = "R5T.T0131", "..\..\R5T.T0131\source\R5T.T0131\R5T.T0131.csproj", "{A5EE7311-2316-445C-B801-49F9D83C59F0}"
EndProject
Project("{9A19103F-16F7-4668-BE54-9A1E7A4F7556}") = "R5T.T0132", "..\..\R5T.T0132\source\R5T.T0132\R5T.T0132.csproj", "{0451F964-E939-4A7C-823B-7C27840F0995}"
EndProject
Project("{9A19103F-16F7-4668-BE54-9A1E7A4F7556}") = "R5T.T0142", "..\..\R5T.T0142\source\R5T.T0142\R5T.T0142.csproj", "{3476E343-6546-4B72-8B7D-B22E406C3AA0}"
EndProject
Project("{9A19103F-16F7-4668-BE54-9A1E7A4F7556}") = "R5T.T0143", "..\..\R5T.T0143\source\R5T.T0143\R5T.T0143.csproj", "{DF7B4C34-A283-4E3D-BC41-77EEB3C70130}"
EndProject
Project("{9A19103F-16F7-4668-BE54-9A1E7A4F7556}") = "R5T.T0152", "..\..\R5T.T0152\source\R5T.T0152\R5T.T0152.csproj", "{B21F932F-6A02-47C6-9505-B2257417309E}"
EndProject
Project("{9A19103F-16F7-4668-BE54-9A1E7A4F7556}") = "R5T.T0156", "..\..\R5T.T0156\source\R5T.T0156\R5T.T0156.csproj", "{410445D4-6816-4F72-9FE1-5DF86587BAE5}"
EndProject
Project("{9A19103F-16F7-4668-BE54-9A1E7A4F7556}") = "R5T.T0241", "..\..\R5T.T0241\source\R5T.T0241\R5T.T0241.csproj", "{D57247D7-793D-46F4-87DD-DC664650F2AD}"
EndProject
Project("{9A19103F-16F7-4668-BE54-9A1E7A4F7556}") = "R5T.Y0006", "..\..\R5T.Y0006\source\R5T.Y0006\R5T.Y0006.csproj", "{B405D7C2-BCE9-4A28-9179-8B2E5FA085F6}"
EndProject
Project("{9A19103F-16F7-4668-BE54-9A1E7A4F7556}") = "R5T.Z0072.Z000", "..\..\R5T.Z0072\source\R5T.Z0072.Z000\R5T.Z0072.Z000.csproj", "{E85D5ADA-1E68-44A6-A92A-5CB20375094E}"
EndProject
Project("{9A19103F-16F7-4668-BE54-9A1E7A4F7556}") = "R5T.Z0072.Z002", "..\..\R5T.Z0072\source\R5T.Z0072.Z002\R5T.Z0072.Z002.csproj", "{E4E301D4-2DC8-4E33-ABD7-33ACB628E33D}"
EndProject
Global
	GlobalSection(NestedProjects) = preSolution
		{B950767E-C7B4-4504-9CAC-045DDB4A0829} = {991992A2-6584-4C52-9C40-D9D1A11DB456}
		{6122BD2A-7AB2-4690-BC93-977D7FEEFE00} = {991992A2-6584-4C52-9C40-D9D1A11DB456}
		{64A17852-06C5-4C56-ACB8-08C9BC325BB8} = {991992A2-6584-4C52-9C40-D9D1A11DB456}
		{4CD1C6F9-A940-4A80-8A2C-FE42B9B2DC60} = {991992A2-6584-4C52-9C40-D9D1A11DB456}
		{A5EE7311-2316-445C-B801-49F9D83C59F0} = {991992A2-6584-4C52-9C40-D9D1A11DB456}
		{0451F964-E939-4A7C-823B-7C27840F0995} = {991992A2-6584-4C52-9C40-D9D1A11DB456}
		{3476E343-6546-4B72-8B7D-B22E406C3AA0} = {991992A2-6584-4C52-9C40-D9D1A11DB456}
		{DF7B4C34-A283-4E3D-BC41-77EEB3C70130} = {991992A2-6584-4C52-9C40-D9D1A11DB456}
		{B21F932F-6A02-47C6-9505-B2257417309E} = {991992A2-6584-4C52-9C40-D9D1A11DB456}
		{410445D4-6816-4F72-9FE1-5DF86587BAE5} = {991992A2-6584-4C52-9C40-D9D1A11DB456}
		{D57247D7-793D-46F4-87DD-DC664650F2AD} = {991992A2-6584-4C52-9C40-D9D1A11DB456}
		{B405D7C2-BCE9-4A28-9179-8B2E5FA085F6} = {991992A2-6584-4C52-9C40-D9D1A11DB456}
		{E85D5ADA-1E68-44A6-A92A-5CB20375094E} = {991992A2-6584-4C52-9C40-D9D1A11DB456}
		{E4E301D4-2DC8-4E33-ABD7-33ACB628E33D} = {991992A2-6584-4C52-9C40-D9D1A11DB456}
	EndGlobalSection
	GlobalSection(SolutionConfigurationPlatforms) = preSolution
		Debug|Any CPU = Debug|Any CPU
		Debug|x64 = Debug|x64
		Debug|x86 = Debug|x86
		Release|Any CPU = Release|Any CPU
		Release|x64 = Release|x64
		Release|x86 = Release|x86
	EndGlobalSection
	GlobalSection(ProjectConfigurationPlatforms) = postSolution
		{68C17D72-440E-49B3-9D3E-52F970ED4225}.Debug|Any CPU.ActiveCfg = Debug|Any CPU
		{68C17D72-440E-49B3-9D3E-52F970ED4225}.Debug|Any CPU.Build.0 = Debug|Any CPU
		{68C17D72-440E-49B3-9D3E-52F970ED4225}.Debug|x64.ActiveCfg = Debug|Any CPU
		{68C17D72-440E-49B3-9D3E-52F970ED4225}.Debug|x64.Build.0 = Debug|Any CPU
		{68C17D72-440E-49B3-9D3E-52F970ED4225}.Debug|x86.ActiveCfg = Debug|Any CPU
		{68C17D72-440E-49B3-9D3E-52F970ED4225}.Debug|x86.Build.0 = Debug|Any CPU
		{68C17D72-440E-49B3-9D3E-52F970ED4225}.Release|Any CPU.ActiveCfg = Release|Any CPU
		{68C17D72-440E-49B3-9D3E-52F970ED4225}.Release|Any CPU.Build.0 = Release|Any CPU
		{68C17D72-440E-49B3-9D3E-52F970ED4225}.Release|x64.ActiveCfg = Release|Any CPU
		{68C17D72-440E-49B3-9D3E-52F970ED4225}.Release|x64.Build.0 = Release|Any CPU
		{68C17D72-440E-49B3-9D3E-52F970ED4225}.Release|x86.ActiveCfg = Release|Any CPU
		{68C17D72-440E-49B3-9D3E-52F970ED4225}.Release|x86.Build.0 = Release|Any CPU
		{B950767E-C7B4-4504-9CAC-045DDB4A0829}.Debug|Any CPU.ActiveCfg = Debug|Any CPU
		{B950767E-C7B4-4504-9CAC-045DDB4A0829}.Debug|Any CPU.Build.0 = Debug|Any CPU
		{B950767E-C7B4-4504-9CAC-045DDB4A0829}.Debug|x64.ActiveCfg = Debug|Any CPU
		{B950767E-C7B4-4504-9CAC-045DDB4A0829}.Debug|x64.Build.0 = Debug|Any CPU
		{B950767E-C7B4-4504-9CAC-045DDB4A0829}.Debug|x86.ActiveCfg = Debug|Any CPU
		{B950767E-C7B4-4504-9CAC-045DDB4A0829}.Debug|x86.Build.0 = Debug|Any CPU
		{B950767E-C7B4-4504-9CAC-045DDB4A0829}.Release|Any CPU.ActiveCfg = Release|Any CPU
		{B950767E-C7B4-4504-9CAC-045DDB4A0829}.Release|Any CPU.Build.0 = Release|Any CPU
		{B950767E-C7B4-4504-9CAC-045DDB4A0829}.Release|x64.ActiveCfg = Release|Any CPU
		{B950767E-C7B4-4504-9CAC-045DDB4A0829}.Release|x64.Build.0 = Release|Any CPU
		{B950767E-C7B4-4504-9CAC-045DDB4A0829}.Release|x86.ActiveCfg = Release|Any CPU
		{B950767E-C7B4-4504-9CAC-045DDB4A0829}.Release|x86.Build.0 = Release|Any CPU
		{6122BD2A-7AB2-4690-BC93-977D7FEEFE00}.Debug|Any CPU.ActiveCfg = Debug|Any CPU
		{6122BD2A-7AB2-4690-BC93-977D7FEEFE00}.Debug|Any CPU.Build.0 = Debug|Any CPU
		{6122BD2A-7AB2-4690-BC93-977D7FEEFE00}.Debug|x64.ActiveCfg = Debug|Any CPU
		{6122BD2A-7AB2-4690-BC93-977D7FEEFE00}.Debug|x64.Build.0 = Debug|Any CPU
		{6122BD2A-7AB2-4690-BC93-977D7FEEFE00}.Debug|x86.ActiveCfg = Debug|Any CPU
		{6122BD2A-7AB2-4690-BC93-977D7FEEFE00}.Debug|x86.Build.0 = Debug|Any CPU
		{6122BD2A-7AB2-4690-BC93-977D7FEEFE00}.Release|Any CPU.ActiveCfg = Release|Any CPU
		{6122BD2A-7AB2-4690-BC93-977D7FEEFE00}.Release|Any CPU.Build.0 = Release|Any CPU
		{6122BD2A-7AB2-4690-BC93-977D7FEEFE00}.Release|x64.ActiveCfg = Release|Any CPU
		{6122BD2A-7AB2-4690-BC93-977D7FEEFE00}.Release|x64.Build.0 = Release|Any CPU
		{6122BD2A-7AB2-4690-BC93-977D7FEEFE00}.Release|x86.ActiveCfg = Release|Any CPU
		{6122BD2A-7AB2-4690-BC93-977D7FEEFE00}.Release|x86.Build.0 = Release|Any CPU
		{64A17852-06C5-4C56-ACB8-08C9BC325BB8}.Debug|Any CPU.ActiveCfg = Debug|Any CPU
		{64A17852-06C5-4C56-ACB8-08C9BC325BB8}.Debug|Any CPU.Build.0 = Debug|Any CPU
		{64A17852-06C5-4C56-ACB8-08C9BC325BB8}.Debug|x64.ActiveCfg = Debug|Any CPU
		{64A17852-06C5-4C56-ACB8-08C9BC325BB8}.Debug|x64.Build.0 = Debug|Any CPU
		{64A17852-06C5-4C56-ACB8-08C9BC325BB8}.Debug|x86.ActiveCfg = Debug|Any CPU
		{64A17852-06C5-4C56-ACB8-08C9BC325BB8}.Debug|x86.Build.0 = Debug|Any CPU
		{64A17852-06C5-4C56-ACB8-08C9BC325BB8}.Release|Any CPU.ActiveCfg = Release|Any CPU
		{64A17852-06C5-4C56-ACB8-08C9BC325BB8}.Release|Any CPU.Build.0 = Release|Any CPU
		{64A17852-06C5-4C56-ACB8-08C9BC325BB8}.Release|x64.ActiveCfg = Release|Any CPU
		{64A17852-06C5-4C56-ACB8-08C9BC325BB8}.Release|x64.Build.0 = Release|Any CPU
		{64A17852-06C5-4C56-ACB8-08C9BC325BB8}.Release|x86.ActiveCfg = Release|Any CPU
		{64A17852-06C5-4C56-ACB8-08C9BC325BB8}.Release|x86.Build.0 = Release|Any CPU
		{4CD1C6F9-A940-4A80-8A2C-FE42B9B2DC60}.Debug|Any CPU.ActiveCfg = Debug|Any CPU
		{4CD1C6F9-A940-4A80-8A2C-FE42B9B2DC60}.Debug|Any CPU.Build.0 = Debug|Any CPU
		{4CD1C6F9-A940-4A80-8A2C-FE42B9B2DC60}.Debug|x64.ActiveCfg = Debug|Any CPU
		{4CD1C6F9-A940-4A80-8A2C-FE42B9B2DC60}.Debug|x64.Build.0 = Debug|Any CPU
		{4CD1C6F9-A940-4A80-8A2C-FE42B9B2DC60}.Debug|x86.ActiveCfg = Debug|Any CPU
		{4CD1C6F9-A940-4A80-8A2C-FE42B9B2DC60}.Debug|x86.Build.0 = Debug|Any CPU
		{4CD1C6F9-A940-4A80-8A2C-FE42B9B2DC60}.Release|Any CPU.ActiveCfg = Release|Any CPU
		{4CD1C6F9-A940-4A80-8A2C-FE42B9B2DC60}.Release|Any CPU.Build.0 = Release|Any CPU
		{4CD1C6F9-A940-4A80-8A2C-FE42B9B2DC60}.Release|x64.ActiveCfg = Release|Any CPU
		{4CD1C6F9-A940-4A80-8A2C-FE42B9B2DC60}.Release|x64.Build.0 = Release|Any CPU
		{4CD1C6F9-A940-4A80-8A2C-FE42B9B2DC60}.Release|x86.ActiveCfg = Release|Any CPU
		{4CD1C6F9-A940-4A80-8A2C-FE42B9B2DC60}.Release|x86.Build.0 = Release|Any CPU
		{A5EE7311-2316-445C-B801-49F9D83C59F0}.Debug|Any CPU.ActiveCfg = Debug|Any CPU
		{A5EE7311-2316-445C-B801-49F9D83C59F0}.Debug|Any CPU.Build.0 = Debug|Any CPU
		{A5EE7311-2316-445C-B801-49F9D83C59F0}.Debug|x64.ActiveCfg = Debug|Any CPU
		{A5EE7311-2316-445C-B801-49F9D83C59F0}.Debug|x64.Build.0 = Debug|Any CPU
		{A5EE7311-2316-445C-B801-49F9D83C59F0}.Debug|x86.ActiveCfg = Debug|Any CPU
		{A5EE7311-2316-445C-B801-49F9D83C59F0}.Debug|x86.Build.0 = Debug|Any CPU
		{A5EE7311-2316-445C-B801-49F9D83C59F0}.Release|Any CPU.ActiveCfg = Release|Any CPU
		{A5EE7311-2316-445C-B801-49F9D83C59F0}.Release|Any CPU.Build.0 = Release|Any CPU
		{A5EE7311-2316-445C-B801-49F9D83C59F0}.Release|x64.ActiveCfg = Release|Any CPU
		{A5EE7311-2316-445C-B801-49F9D83C59F0}.Release|x64.Build.0 = Release|Any CPU
		{A5EE7311-2316-445C-B801-49F9D83C59F0}.Release|x86.ActiveCfg = Release|Any CPU
		{A5EE7311-2316-445C-B801-49F9D83C59F0}.Release|x86.Build.0 = Release|Any CPU
		{0451F964-E939-4A7C-823B-7C27840F0995}.Debug|Any CPU.ActiveCfg = Debug|Any CPU
		{0451F964-E939-4A7C-823B-7C27840F0995}.Debug|Any CPU.Build.0 = Debug|Any CPU
		{0451F964-E939-4A7C-823B-7C27840F0995}.Debug|x64.ActiveCfg = Debug|Any CPU
		{0451F964-E939-4A7C-823B-7C27840F0995}.Debug|x64.Build.0 = Debug|Any CPU
		{0451F964-E939-4A7C-823B-7C27840F0995}.Debug|x86.ActiveCfg = Debug|Any CPU
		{0451F964-E939-4A7C-823B-7C27840F0995}.Debug|x86.Build.0 = Debug|Any CPU
		{0451F964-E939-4A7C-823B-7C27840F0995}.Release|Any CPU.ActiveCfg = Release|Any CPU
		{0451F964-E939-4A7C-823B-7C27840F0995}.Release|Any CPU.Build.0 = Release|Any CPU
		{0451F964-E939-4A7C-823B-7C27840F0995}.Release|x64.ActiveCfg = Release|Any CPU
		{0451F964-E939-4A7C-823B-7C27840F0995}.Release|x64.Build.0 = Release|Any CPU
		{0451F964-E939-4A7C-823B-7C27840F0995}.Release|x86.ActiveCfg = Release|Any CPU
		{0451F964-E939-4A7C-823B-7C27840F0995}.Release|x86.Build.0 = Release|Any CPU
		{3476E343-6546-4B72-8B7D-B22E406C3AA0}.Debug|Any CPU.ActiveCfg = Debug|Any CPU
		{3476E343-6546-4B72-8B7D-B22E406C3AA0}.Debug|Any CPU.Build.0 = Debug|Any CPU
		{3476E343-6546-4B72-8B7D-B22E406C3AA0}.Debug|x64.ActiveCfg = Debug|Any CPU
		{3476E343-6546-4B72-8B7D-B22E406C3AA0}.Debug|x64.Build.0 = Debug|Any CPU
		{3476E343-6546-4B72-8B7D-B22E406C3AA0}.Debug|x86.ActiveCfg = Debug|Any CPU
		{3476E343-6546-4B72-8B7D-B22E406C3AA0}.Debug|x86.Build.0 = Debug|Any CPU
		{3476E343-6546-4B72-8B7D-B22E406C3AA0}.Release|Any CPU.ActiveCfg = Release|Any CPU
		{3476E343-6546-4B72-8B7D-B22E406C3AA0}.Release|Any CPU.Build.0 = Release|Any CPU
		{3476E343-6546-4B72-8B7D-B22E406C3AA0}.Release|x64.ActiveCfg = Release|Any CPU
		{3476E343-6546-4B72-8B7D-B22E406C3AA0}.Release|x64.Build.0 = Release|Any CPU
		{3476E343-6546-4B72-8B7D-B22E406C3AA0}.Release|x86.ActiveCfg = Release|Any CPU
		{3476E343-6546-4B72-8B7D-B22E406C3AA0}.Release|x86.Build.0 = Release|Any CPU
		{DF7B4C34-A283-4E3D-BC41-77EEB3C70130}.Debug|Any CPU.ActiveCfg = Debug|Any CPU
		{DF7B4C34-A283-4E3D-BC41-77EEB3C70130}.Debug|Any CPU.Build.0 = Debug|Any CPU
		{DF7B4C34-A283-4E3D-BC41-77EEB3C70130}.Debug|x64.ActiveCfg = Debug|Any CPU
		{DF7B4C34-A283-4E3D-BC41-77EEB3C70130}.Debug|x64.Build.0 = Debug|Any CPU
		{DF7B4C34-A283-4E3D-BC41-77EEB3C70130}.Debug|x86.ActiveCfg = Debug|Any CPU
		{DF7B4C34-A283-4E3D-BC41-77EEB3C70130}.Debug|x86.Build.0 = Debug|Any CPU
		{DF7B4C34-A283-4E3D-BC41-77EEB3C70130}.Release|Any CPU.ActiveCfg = Release|Any CPU
		{DF7B4C34-A283-4E3D-BC41-77EEB3C70130}.Release|Any CPU.Build.0 = Release|Any CPU
		{DF7B4C34-A283-4E3D-BC41-77EEB3C70130}.Release|x64.ActiveCfg = Release|Any CPU
		{DF7B4C34-A283-4E3D-BC41-77EEB3C70130}.Release|x64.Build.0 = Release|Any CPU
		{DF7B4C34-A283-4E3D-BC41-77EEB3C70130}.Release|x86.ActiveCfg = Release|Any CPU
		{DF7B4C34-A283-4E3D-BC41-77EEB3C70130}.Release|x86.Build.0 = Release|Any CPU
		{B21F932F-6A02-47C6-9505-B2257417309E}.Debug|Any CPU.ActiveCfg = Debug|Any CPU
		{B21F932F-6A02-47C6-9505-B2257417309E}.Debug|Any CPU.Build.0 = Debug|Any CPU
		{B21F932F-6A02-47C6-9505-B2257417309E}.Debug|x64.ActiveCfg = Debug|Any CPU
		{B21F932F-6A02-47C6-9505-B2257417309E}.Debug|x64.Build.0 = Debug|Any CPU
		{B21F932F-6A02-47C6-9505-B2257417309E}.Debug|x86.ActiveCfg = Debug|Any CPU
		{B21F932F-6A02-47C6-9505-B2257417309E}.Debug|x86.Build.0 = Debug|Any CPU
		{B21F932F-6A02-47C6-9505-B2257417309E}.Release|Any CPU.ActiveCfg = Release|Any CPU
		{B21F932F-6A02-47C6-9505-B2257417309E}.Release|Any CPU.Build.0 = Release|Any CPU
		{B21F932F-6A02-47C6-9505-B2257417309E}.Release|x64.ActiveCfg = Release|Any CPU
		{B21F932F-6A02-47C6-9505-B2257417309E}.Release|x64.Build.0 = Release|Any CPU
		{B21F932F-6A02-47C6-9505-B2257417309E}.Release|x86.ActiveCfg = Release|Any CPU
		{B21F932F-6A02-47C6-9505-B2257417309E}.Release|x86.Build.0 = Release|Any CPU
		{410445D4-6816-4F72-9FE1-5DF86587BAE5}.Debug|Any CPU.ActiveCfg = Debug|Any CPU
		{410445D4-6816-4F72-9FE1-5DF86587BAE5}.Debug|Any CPU.Build.0 = Debug|Any CPU
		{410445D4-6816-4F72-9FE1-5DF86587BAE5}.Debug|x64.ActiveCfg = Debug|Any CPU
		{410445D4-6816-4F72-9FE1-5DF86587BAE5}.Debug|x64.Build.0 = Debug|Any CPU
		{410445D4-6816-4F72-9FE1-5DF86587BAE5}.Debug|x86.ActiveCfg = Debug|Any CPU
		{410445D4-6816-4F72-9FE1-5DF86587BAE5}.Debug|x86.Build.0 = Debug|Any CPU
		{410445D4-6816-4F72-9FE1-5DF86587BAE5}.Release|Any CPU.ActiveCfg = Release|Any CPU
		{410445D4-6816-4F72-9FE1-5DF86587BAE5}.Release|Any CPU.Build.0 = Release|Any CPU
		{410445D4-6816-4F72-9FE1-5DF86587BAE5}.Release|x64.ActiveCfg = Release|Any CPU
		{410445D4-6816-4F72-9FE1-5DF86587BAE5}.Release|x64.Build.0 = Release|Any CPU
		{410445D4-6816-4F72-9FE1-5DF86587BAE5}.Release|x86.ActiveCfg = Release|Any CPU
		{410445D4-6816-4F72-9FE1-5DF86587BAE5}.Release|x86.Build.0 = Release|Any CPU
		{D57247D7-793D-46F4-87DD-DC664650F2AD}.Debug|Any CPU.ActiveCfg = Debug|Any CPU
		{D57247D7-793D-46F4-87DD-DC664650F2AD}.Debug|Any CPU.Build.0 = Debug|Any CPU
		{D57247D7-793D-46F4-87DD-DC664650F2AD}.Debug|x64.ActiveCfg = Debug|Any CPU
		{D57247D7-793D-46F4-87DD-DC664650F2AD}.Debug|x64.Build.0 = Debug|Any CPU
		{D57247D7-793D-46F4-87DD-DC664650F2AD}.Debug|x86.ActiveCfg = Debug|Any CPU
		{D57247D7-793D-46F4-87DD-DC664650F2AD}.Debug|x86.Build.0 = Debug|Any CPU
		{D57247D7-793D-46F4-87DD-DC664650F2AD}.Release|Any CPU.ActiveCfg = Release|Any CPU
		{D57247D7-793D-46F4-87DD-DC664650F2AD}.Release|Any CPU.Build.0 = Release|Any CPU
		{D57247D7-793D-46F4-87DD-DC664650F2AD}.Release|x64.ActiveCfg = Release|Any CPU
		{D57247D7-793D-46F4-87DD-DC664650F2AD}.Release|x64.Build.0 = Release|Any CPU
		{D57247D7-793D-46F4-87DD-DC664650F2AD}.Release|x86.ActiveCfg = Release|Any CPU
		{D57247D7-793D-46F4-87DD-DC664650F2AD}.Release|x86.Build.0 = Release|Any CPU
		{B405D7C2-BCE9-4A28-9179-8B2E5FA085F6}.Debug|Any CPU.ActiveCfg = Debug|Any CPU
		{B405D7C2-BCE9-4A28-9179-8B2E5FA085F6}.Debug|Any CPU.Build.0 = Debug|Any CPU
		{B405D7C2-BCE9-4A28-9179-8B2E5FA085F6}.Debug|x64.ActiveCfg = Debug|Any CPU
		{B405D7C2-BCE9-4A28-9179-8B2E5FA085F6}.Debug|x64.Build.0 = Debug|Any CPU
		{B405D7C2-BCE9-4A28-9179-8B2E5FA085F6}.Debug|x86.ActiveCfg = Debug|Any CPU
		{B405D7C2-BCE9-4A28-9179-8B2E5FA085F6}.Debug|x86.Build.0 = Debug|Any CPU
		{B405D7C2-BCE9-4A28-9179-8B2E5FA085F6}.Release|Any CPU.ActiveCfg = Release|Any CPU
		{B405D7C2-BCE9-4A28-9179-8B2E5FA085F6}.Release|Any CPU.Build.0 = Release|Any CPU
		{B405D7C2-BCE9-4A28-9179-8B2E5FA085F6}.Release|x64.ActiveCfg = Release|Any CPU
		{B405D7C2-BCE9-4A28-9179-8B2E5FA085F6}.Release|x64.Build.0 = Release|Any CPU
		{B405D7C2-BCE9-4A28-9179-8B2E5FA085F6}.Release|x86.ActiveCfg = Release|Any CPU
		{B405D7C2-BCE9-4A28-9179-8B2E5FA085F6}.Release|x86.Build.0 = Release|Any CPU
		{E85D5ADA-1E68-44A6-A92A-5CB20375094E}.Debug|Any CPU.ActiveCfg = Debug|Any CPU
		{E85D5ADA-1E68-44A6-A92A-5CB20375094E}.Debug|Any CPU.Build.0 = Debug|Any CPU
		{E85D5ADA-1E68-44A6-A92A-5CB20375094E}.Debug|x64.ActiveCfg = Debug|Any CPU
		{E85D5ADA-1E68-44A6-A92A-5CB20375094E}.Debug|x64.Build.0 = Debug|Any CPU
		{E85D5ADA-1E68-44A6-A92A-5CB20375094E}.Debug|x86.ActiveCfg = Debug|Any CPU
		{E85D5ADA-1E68-44A6-A92A-5CB20375094E}.Debug|x86.Build.0 = Debug|Any CPU
		{E85D5ADA-1E68-44A6-A92A-5CB20375094E}.Release|Any CPU.ActiveCfg = Release|Any CPU
		{E85D5ADA-1E68-44A6-A92A-5CB20375094E}.Release|Any CPU.Build.0 = Release|Any CPU
		{E85D5ADA-1E68-44A6-A92A-5CB20375094E}.Release|x64.ActiveCfg = Release|Any CPU
		{E85D5ADA-1E68-44A6-A92A-5CB20375094E}.Release|x64.Build.0 = Release|Any CPU
		{E85D5ADA-1E68-44A6-A92A-5CB20375094E}.Release|x86.ActiveCfg = Release|Any CPU
		{E85D5ADA-1E68-44A6-A92A-5CB20375094E}.Release|x86.Build.0 = Release|Any CPU
		{E4E301D4-2DC8-4E33-ABD7-33ACB628E33D}.Debug|Any CPU.ActiveCfg = Debug|Any CPU
		{E4E301D4-2DC8-4E33-ABD7-33ACB628E33D}.Debug|Any CPU.Build.0 = Debug|Any CPU
		{E4E301D4-2DC8-4E33-ABD7-33ACB628E33D}.Debug|x64.ActiveCfg = Debug|Any CPU
		{E4E301D4-2DC8-4E33-ABD7-33ACB628E33D}.Debug|x64.Build.0 = Debug|Any CPU
		{E4E301D4-2DC8-4E33-ABD7-33ACB628E33D}.Debug|x86.ActiveCfg = Debug|Any CPU
		{E4E301D4-2DC8-4E33-ABD7-33ACB628E33D}.Debug|x86.Build.0 = Debug|Any CPU
		{E4E301D4-2DC8-4E33-ABD7-33ACB628E33D}.Release|Any CPU.ActiveCfg = Release|Any CPU
		{E4E301D4-2DC8-4E33-ABD7-33ACB628E33D}.Release|Any CPU.Build.0 = Release|Any CPU
		{E4E301D4-2DC8-4E33-ABD7-33ACB628E33D}.Release|x64.ActiveCfg = Release|Any CPU
		{E4E301D4-2DC8-4E33-ABD7-33ACB628E33D}.Release|x64.Build.0 = Release|Any CPU
		{E4E301D4-2DC8-4E33-ABD7-33ACB628E33D}.Release|x86.ActiveCfg = Release|Any CPU
		{E4E301D4-2DC8-4E33-ABD7-33ACB628E33D}.Release|x86.Build.0 = Release|Any CPU
	EndGlobalSection
	GlobalSection(SolutionProperties) = preSolution
		HideSolutionNode = FALSE
	EndGlobalSection
EndGlobal
